// !$*UTF8*$!
{
	archiveVersion = 1;
	classes = {
	};
	objectVersion = 56;
	objects = {

/* Begin PBXBuildFile section */
		7609DD2329C843C000C9CCBB /* PaymentGifticon.swift in Sources */ = {isa = PBXBuildFile; fileRef = 7609DD2229C843C000C9CCBB /* PaymentGifticon.swift */; };
		7609DD2529C844C200C9CCBB /* PaymentPrice.swift in Sources */ = {isa = PBXBuildFile; fileRef = 7609DD2429C844C200C9CCBB /* PaymentPrice.swift */; };
		7609DD2729C8493100C9CCBB /* PaymentButton.swift in Sources */ = {isa = PBXBuildFile; fileRef = 7609DD2629C8493100C9CCBB /* PaymentButton.swift */; };
		7609DD2929C8564200C9CCBB /* ExDivider.swift in Sources */ = {isa = PBXBuildFile; fileRef = 7609DD2829C8564200C9CCBB /* ExDivider.swift */; };
		7617C22629F274AA00A25A78 /* ImagePicker.swift in Sources */ = {isa = PBXBuildFile; fileRef = 7617C22529F274AA00A25A78 /* ImagePicker.swift */; };
		762A506129E3E2AC00317450 /* UpdateGifticonUseCase.swift in Sources */ = {isa = PBXBuildFile; fileRef = 762A506029E3E2AC00317450 /* UpdateGifticonUseCase.swift */; };
		762F648929F8FE14002C3401 /* NumberManager.swift in Sources */ = {isa = PBXBuildFile; fileRef = 762F648829F8FE14002C3401 /* NumberManager.swift */; };
		76311D6029D17F5B008555D5 /* FilterBar.swift in Sources */ = {isa = PBXBuildFile; fileRef = 76311D5F29D17F5B008555D5 /* FilterBar.swift */; };
		76311D6229D17F77008555D5 /* GridGifticon.swift in Sources */ = {isa = PBXBuildFile; fileRef = 76311D6129D17F77008555D5 /* GridGifticon.swift */; };
		76311D6429D17F92008555D5 /* GridView.swift in Sources */ = {isa = PBXBuildFile; fileRef = 76311D6329D17F92008555D5 /* GridView.swift */; };
		764789942A064CD600B8F072 /* ReportView.swift in Sources */ = {isa = PBXBuildFile; fileRef = 764789932A064CD600B8F072 /* ReportView.swift */; };
		764789962A077E1500B8F072 /* ReportRepository.swift in Sources */ = {isa = PBXBuildFile; fileRef = 764789952A077E1500B8F072 /* ReportRepository.swift */; };
		764789982A077E5100B8F072 /* Report.swift in Sources */ = {isa = PBXBuildFile; fileRef = 764789972A077E5100B8F072 /* Report.swift */; };
		7647899A2A0781A100B8F072 /* CreateReportUseCase.swift in Sources */ = {isa = PBXBuildFile; fileRef = 764789992A0781A100B8F072 /* CreateReportUseCase.swift */; };
		7647899D2A0784FE00B8F072 /* ReportViewModel.swift in Sources */ = {isa = PBXBuildFile; fileRef = 7647899C2A0784FE00B8F072 /* ReportViewModel.swift */; };
		764F143729EE8AFB009E0B21 /* DeleteGifticonUseCase.swift in Sources */ = {isa = PBXBuildFile; fileRef = 764F143629EE8AFB009E0B21 /* DeleteGifticonUseCase.swift */; };
		76817F1729DC2C8B0034232F /* FavoriteViewModel.swift in Sources */ = {isa = PBXBuildFile; fileRef = 76817F1629DC2C8B0034232F /* FavoriteViewModel.swift */; };
		76817F1929DD825C0034232F /* UpdateUserInfoUseCase.swift in Sources */ = {isa = PBXBuildFile; fileRef = 76817F1829DD825C0034232F /* UpdateUserInfoUseCase.swift */; };
		76853AE929B1F9F8009428DA /* GifTogetherApp.swift in Sources */ = {isa = PBXBuildFile; fileRef = 76853AE829B1F9F8009428DA /* GifTogetherApp.swift */; };
		76853AEB29B1F9F8009428DA /* ContentView.swift in Sources */ = {isa = PBXBuildFile; fileRef = 76853AEA29B1F9F8009428DA /* ContentView.swift */; };
		76853AED29B1F9F8009428DA /* Assets.xcassets in Resources */ = {isa = PBXBuildFile; fileRef = 76853AEC29B1F9F8009428DA /* Assets.xcassets */; };
		76853AF029B1F9F8009428DA /* Preview Assets.xcassets in Resources */ = {isa = PBXBuildFile; fileRef = 76853AEF29B1F9F8009428DA /* Preview Assets.xcassets */; };
		76853AFA29B1F9F9009428DA /* GifTogetherTests.swift in Sources */ = {isa = PBXBuildFile; fileRef = 76853AF929B1F9F9009428DA /* GifTogetherTests.swift */; };
		76853B0429B1F9F9009428DA /* GifTogetherUITests.swift in Sources */ = {isa = PBXBuildFile; fileRef = 76853B0329B1F9F9009428DA /* GifTogetherUITests.swift */; };
		76853B0629B1F9F9009428DA /* GifTogetherUITestsLaunchTests.swift in Sources */ = {isa = PBXBuildFile; fileRef = 76853B0529B1F9F9009428DA /* GifTogetherUITestsLaunchTests.swift */; };
		7687476D29C30A7E00F6067D /* DetailView.swift in Sources */ = {isa = PBXBuildFile; fileRef = 7687476C29C30A7E00F6067D /* DetailView.swift */; };
		7687476F29C30A9800F6067D /* GifticonDetail.swift in Sources */ = {isa = PBXBuildFile; fileRef = 7687476E29C30A9800F6067D /* GifticonDetail.swift */; };
		7687477329C30C1100F6067D /* GifticonPurchase.swift in Sources */ = {isa = PBXBuildFile; fileRef = 7687477229C30C1100F6067D /* GifticonPurchase.swift */; };
		7687477529C32F6200F6067D /* PurchaseSheet.swift in Sources */ = {isa = PBXBuildFile; fileRef = 7687477429C32F6200F6067D /* PurchaseSheet.swift */; };
		7687477729C57B0A00F6067D /* PaymentView.swift in Sources */ = {isa = PBXBuildFile; fileRef = 7687477629C57B0A00F6067D /* PaymentView.swift */; };
		7691783F29D442600093CD95 /* GridGifticonItem.swift in Sources */ = {isa = PBXBuildFile; fileRef = 7691783E29D442600093CD95 /* GridGifticonItem.swift */; };
		76BFE81929C06931005B01E5 /* FavoriteView.swift in Sources */ = {isa = PBXBuildFile; fileRef = 76BFE80E29C06930005B01E5 /* FavoriteView.swift */; };
		76BFE81A29C06931005B01E5 /* ProfileView.swift in Sources */ = {isa = PBXBuildFile; fileRef = 76BFE80F29C06930005B01E5 /* ProfileView.swift */; };
		76BFE81B29C06931005B01E5 /* SearchView.swift in Sources */ = {isa = PBXBuildFile; fileRef = 76BFE81029C06930005B01E5 /* SearchView.swift */; };
		76BFE81C29C06931005B01E5 /* BannerView.swift in Sources */ = {isa = PBXBuildFile; fileRef = 76BFE81229C06931005B01E5 /* BannerView.swift */; };
		76BFE81D29C06931005B01E5 /* HomeViewModel.swift in Sources */ = {isa = PBXBuildFile; fileRef = 76BFE81329C06931005B01E5 /* HomeViewModel.swift */; };
		76BFE81E29C06931005B01E5 /* CategoryItem.swift in Sources */ = {isa = PBXBuildFile; fileRef = 76BFE81429C06931005B01E5 /* CategoryItem.swift */; };
		76BFE81F29C06931005B01E5 /* HomeView.swift in Sources */ = {isa = PBXBuildFile; fileRef = 76BFE81529C06931005B01E5 /* HomeView.swift */; };
		76BFE82029C06931005B01E5 /* GifticonItem.swift in Sources */ = {isa = PBXBuildFile; fileRef = 76BFE81629C06931005B01E5 /* GifticonItem.swift */; };
		76BFE82129C06931005B01E5 /* GifticonRow.swift in Sources */ = {isa = PBXBuildFile; fileRef = 76BFE81729C06931005B01E5 /* GifticonRow.swift */; };
		76BFE82229C06931005B01E5 /* CategoryRow.swift in Sources */ = {isa = PBXBuildFile; fileRef = 76BFE81829C06931005B01E5 /* CategoryRow.swift */; };
		76BFE82629C069C4005B01E5 /* categories.json in Resources */ = {isa = PBXBuildFile; fileRef = 76BFE82429C069C4005B01E5 /* categories.json */; };
		76BFE82B29C06CFF005B01E5 /* Category.swift in Sources */ = {isa = PBXBuildFile; fileRef = 76BFE82A29C06CFE005B01E5 /* Category.swift */; };
		76F1699F29DABF0C00A9923E /* HalfSheet.swift in Sources */ = {isa = PBXBuildFile; fileRef = 76F1699E29DABF0C00A9923E /* HalfSheet.swift */; };
		AF00628729CAD49100727953 /* CategoryView.swift in Sources */ = {isa = PBXBuildFile; fileRef = AF00628629CAD49100727953 /* CategoryView.swift */; };
		AF04E9032A025527002ED76D /* FirestorageRepository.swift in Sources */ = {isa = PBXBuildFile; fileRef = AF04E9022A025527002ED76D /* FirestorageRepository.swift */; };
		AF04E9052A025558002ED76D /* DefaultFirestorageRepository.swift in Sources */ = {isa = PBXBuildFile; fileRef = AF04E9042A025558002ED76D /* DefaultFirestorageRepository.swift */; };
		AF04E9082A02596E002ED76D /* FirebaseAuth in Frameworks */ = {isa = PBXBuildFile; productRef = AF04E9072A02596E002ED76D /* FirebaseAuth */; };
		AF04E90A2A02596E002ED76D /* FirebaseFirestore in Frameworks */ = {isa = PBXBuildFile; productRef = AF04E9092A02596E002ED76D /* FirebaseFirestore */; };
		AF04E90C2A02596E002ED76D /* FirebaseStorage in Frameworks */ = {isa = PBXBuildFile; productRef = AF04E90B2A02596E002ED76D /* FirebaseStorage */; };
		AF04E90E2A027BAF002ED76D /* RegisterImageUseCase.swift in Sources */ = {isa = PBXBuildFile; fileRef = AF04E90D2A027BAF002ED76D /* RegisterImageUseCase.swift */; };
		AF18058229BE077E00E181D2 /* FirebaseAuthService.swift in Sources */ = {isa = PBXBuildFile; fileRef = AF18058129BE077E00E181D2 /* FirebaseAuthService.swift */; };
		AF1ECBDE29D573B2005F635D /* GifticonQueryEntity+CoreDataClass.swift in Sources */ = {isa = PBXBuildFile; fileRef = AF1ECBDC29D573B2005F635D /* GifticonQueryEntity+CoreDataClass.swift */; };
		AF1ECBDF29D573B2005F635D /* GifticonQueryEntity+CoreDataProperties.swift in Sources */ = {isa = PBXBuildFile; fileRef = AF1ECBDD29D573B2005F635D /* GifticonQueryEntity+CoreDataProperties.swift */; };
		AF1ECBE229D57519005F635D /* GifticonQueryEntity+Mapping.swift in Sources */ = {isa = PBXBuildFile; fileRef = AF1ECBE129D57519005F635D /* GifticonQueryEntity+Mapping.swift */; };
		AF211D4F29CC25D50024F5F4 /* Brand.swift in Sources */ = {isa = PBXBuildFile; fileRef = AF211D4E29CC25D50024F5F4 /* Brand.swift */; };
		AF40513D2A0A360E00CFE604 /* GoogleService-Info.plist in Resources */ = {isa = PBXBuildFile; fileRef = AF40513C2A0A360D00CFE604 /* GoogleService-Info.plist */; };
		AF556C6E29DEBFB7001FF7D6 /* ToastMessage.swift in Sources */ = {isa = PBXBuildFile; fileRef = AF556C6D29DEBFB7001FF7D6 /* ToastMessage.swift */; };
		AF5A89A329DC3B8F004BDCBD /* DeleteAccountUseCase.swift in Sources */ = {isa = PBXBuildFile; fileRef = AF5A89A229DC3B8F004BDCBD /* DeleteAccountUseCase.swift */; };
		AF6549F02A0A69D200BAF212 /* DeleteImageUseCase.swift in Sources */ = {isa = PBXBuildFile; fileRef = AF6549EF2A0A69D200BAF212 /* DeleteImageUseCase.swift */; };
		AF6C035C29D59AC80023FE23 /* GifticonQueriesRepository.swift in Sources */ = {isa = PBXBuildFile; fileRef = AF6C035B29D59AC80023FE23 /* GifticonQueriesRepository.swift */; };
		AF6C035E29D59B680023FE23 /* DefaultGifticonQueriesRepository.swift in Sources */ = {isa = PBXBuildFile; fileRef = AF6C035D29D59B680023FE23 /* DefaultGifticonQueriesRepository.swift */; };
		AF6C036029D59C800023FE23 /* SearchGifticonUseCase.swift in Sources */ = {isa = PBXBuildFile; fileRef = AF6C035F29D59C800023FE23 /* SearchGifticonUseCase.swift */; };
		AF6C036329D59F8A0023FE23 /* SearchViewModel.swift in Sources */ = {isa = PBXBuildFile; fileRef = AF6C036229D59F8A0023FE23 /* SearchViewModel.swift */; };
		AF6C036529D5A1380023FE23 /* FetchRecentGifticonQueriesUseCase.swift in Sources */ = {isa = PBXBuildFile; fileRef = AF6C036429D5A1380023FE23 /* FetchRecentGifticonQueriesUseCase.swift */; };
		AF7AE95B29D50EA900002135 /* CoreDataStorage.swift in Sources */ = {isa = PBXBuildFile; fileRef = AF7AE95A29D50EA900002135 /* CoreDataStorage.swift */; };
		AF7AE95E29D50ED400002135 /* CoreDataStorage.xcdatamodeld in Sources */ = {isa = PBXBuildFile; fileRef = AF7AE95C29D50ED400002135 /* CoreDataStorage.xcdatamodeld */; };
		AF7AE96129D56A1700002135 /* GifticonQueriesStorage.swift in Sources */ = {isa = PBXBuildFile; fileRef = AF7AE96029D56A1700002135 /* GifticonQueriesStorage.swift */; };
		AF7AE96329D56A7A00002135 /* GifticonQuery.swift in Sources */ = {isa = PBXBuildFile; fileRef = AF7AE96229D56A7A00002135 /* GifticonQuery.swift */; };
		AF7AE96629D56B4000002135 /* CoreDataGifticonQueriesStorage.swift in Sources */ = {isa = PBXBuildFile; fileRef = AF7AE96529D56B4000002135 /* CoreDataGifticonQueriesStorage.swift */; };
		AF7CFD2E29DACB3E006C9C1C /* DeleteAllGifticonQueriesUseCase.swift in Sources */ = {isa = PBXBuildFile; fileRef = AF7CFD2D29DACB3E006C9C1C /* DeleteAllGifticonQueriesUseCase.swift */; };
		AF7E181629B3137A00BD3D61 /* Gifticon.swift in Sources */ = {isa = PBXBuildFile; fileRef = AF7E181529B3137A00BD3D61 /* Gifticon.swift */; };
		AF7E181829B3201200BD3D61 /* UserInfo.swift in Sources */ = {isa = PBXBuildFile; fileRef = AF7E181729B3201200BD3D61 /* UserInfo.swift */; };
		AF95C80C29B9C45C00FBC6E9 /* API.swift in Sources */ = {isa = PBXBuildFile; fileRef = AF95C80B29B9C45C00FBC6E9 /* API.swift */; };
		AF95C80E29B9C5BC00FBC6E9 /* APIClient.swift in Sources */ = {isa = PBXBuildFile; fileRef = AF95C80D29B9C5BC00FBC6E9 /* APIClient.swift */; };
		AF95C81229B9CFDC00FBC6E9 /* FirestoreRepository.swift in Sources */ = {isa = PBXBuildFile; fileRef = AF95C81129B9CFDC00FBC6E9 /* FirestoreRepository.swift */; };
		AF95C81529B9D03B00FBC6E9 /* FetchAllGifticonsUseCase.swift in Sources */ = {isa = PBXBuildFile; fileRef = AF95C81429B9D03B00FBC6E9 /* FetchAllGifticonsUseCase.swift */; };
		AF95C81829B9D0AE00FBC6E9 /* Entity.swift in Sources */ = {isa = PBXBuildFile; fileRef = AF95C81729B9D0AE00FBC6E9 /* Entity.swift */; };
		AF95C81A29B9D1B500FBC6E9 /* RegisterGifticonUseCase.swift in Sources */ = {isa = PBXBuildFile; fileRef = AF95C81929B9D1B500FBC6E9 /* RegisterGifticonUseCase.swift */; };
		AF95C81C29B9D2AB00FBC6E9 /* APIConfiguration.swift in Sources */ = {isa = PBXBuildFile; fileRef = AF95C81B29B9D2AB00FBC6E9 /* APIConfiguration.swift */; };
		AF95C81E29B9D31100FBC6E9 /* APIError.swift in Sources */ = {isa = PBXBuildFile; fileRef = AF95C81D29B9D31100FBC6E9 /* APIError.swift */; };
		AF9790F629C57AA5009AB08D /* ProfileRow.swift in Sources */ = {isa = PBXBuildFile; fileRef = AF9790F529C57AA5009AB08D /* ProfileRow.swift */; };
		AF98867229CD3A8000F85EE4 /* BrandLogo.swift in Sources */ = {isa = PBXBuildFile; fileRef = AF98867129CD3A8000F85EE4 /* BrandLogo.swift */; };
		AF9BE08329E6919E008E7540 /* BrandSelectView.swift in Sources */ = {isa = PBXBuildFile; fileRef = AF9BE08029E6919E008E7540 /* BrandSelectView.swift */; };
		AF9BE08429E6919E008E7540 /* GifticonRegisterView.swift in Sources */ = {isa = PBXBuildFile; fileRef = AF9BE08129E6919E008E7540 /* GifticonRegisterView.swift */; };
		AF9BE08529E6919E008E7540 /* CategorySelectView.swift in Sources */ = {isa = PBXBuildFile; fileRef = AF9BE08229E6919E008E7540 /* CategorySelectView.swift */; };
		AF9BE08729E6A9F3008E7540 /* FetchGifticonUseCase.swift in Sources */ = {isa = PBXBuildFile; fileRef = AF9BE08629E6A9F3008E7540 /* FetchGifticonUseCase.swift */; };
		AF9C26C629C0502F00AE1144 /* FetchUseInfoUseCase.swift in Sources */ = {isa = PBXBuildFile; fileRef = AF9C26C529C0502F00AE1144 /* FetchUseInfoUseCase.swift */; };
		AFA48ACA29E3F9FB0025DB61 /* DateManager.swift in Sources */ = {isa = PBXBuildFile; fileRef = AFA48AC929E3F9FB0025DB61 /* DateManager.swift */; };
		AFA48ACC29E406F10025DB61 /* SearchBrandUseCase.swift in Sources */ = {isa = PBXBuildFile; fileRef = AFA48ACB29E406F10025DB61 /* SearchBrandUseCase.swift */; };
		AFA5EA0C29C6999A0041C1BD /* MyPageViewModel.swift in Sources */ = {isa = PBXBuildFile; fileRef = AFA5EA0B29C6999A0041C1BD /* MyPageViewModel.swift */; };
		AFA5EA0E29C6A3270041C1BD /* SettingView.swift in Sources */ = {isa = PBXBuildFile; fileRef = AFA5EA0D29C6A3270041C1BD /* SettingView.swift */; };
		AFA5EA1029C6A5F20041C1BD /* AgreementOfUtilization.swift in Sources */ = {isa = PBXBuildFile; fileRef = AFA5EA0F29C6A5F20041C1BD /* AgreementOfUtilization.swift */; };
		AFA5EA1229C6A6370041C1BD /* PersonalInfomation.swift in Sources */ = {isa = PBXBuildFile; fileRef = AFA5EA1129C6A6370041C1BD /* PersonalInfomation.swift */; };
		AFA5EA1429C6CCF10041C1BD /* SaleGifticonList.swift in Sources */ = {isa = PBXBuildFile; fileRef = AFA5EA1329C6CCF10041C1BD /* SaleGifticonList.swift */; };
		AFA5EA1629C6CED40041C1BD /* SaleItem.swift in Sources */ = {isa = PBXBuildFile; fileRef = AFA5EA1529C6CED40041C1BD /* SaleItem.swift */; };
		AFAD7E0429C5F4BE0006DE3C /* NormalTextField.swift in Sources */ = {isa = PBXBuildFile; fileRef = AFAD7E0329C5F4BE0006DE3C /* NormalTextField.swift */; };
		AFAD7E0629C5F7310006DE3C /* PasswordTextField.swift in Sources */ = {isa = PBXBuildFile; fileRef = AFAD7E0529C5F7310006DE3C /* PasswordTextField.swift */; };
		AFC0E8C629B9A23F004CD1E5 /* GifticonRepository.swift in Sources */ = {isa = PBXBuildFile; fileRef = AFC0E8C529B9A23F004CD1E5 /* GifticonRepository.swift */; };
		AFD0908129DB023C002A3CA6 /* View+.swift in Sources */ = {isa = PBXBuildFile; fileRef = AFD0908029DB023C002A3CA6 /* View+.swift */; };
		AFD2E84D29C01E120081CBA4 /* DefaultFirebaseAuthService.swift in Sources */ = {isa = PBXBuildFile; fileRef = AFD2E84C29C01E120081CBA4 /* DefaultFirebaseAuthService.swift */; };
		AFD2E84F29C01E520081CBA4 /* LoginUseCase.swift in Sources */ = {isa = PBXBuildFile; fileRef = AFD2E84E29C01E520081CBA4 /* LoginUseCase.swift */; };
		AFD2E85129C01E7D0081CBA4 /* CreateUserUseCase.swift in Sources */ = {isa = PBXBuildFile; fileRef = AFD2E85029C01E7D0081CBA4 /* CreateUserUseCase.swift */; };
		AFD2E85329C0212D0081CBA4 /* UserInfoRepository.swift in Sources */ = {isa = PBXBuildFile; fileRef = AFD2E85229C0212D0081CBA4 /* UserInfoRepository.swift */; };
		AFDFA32629C8190E00D456FE /* CategoryList.swift in Sources */ = {isa = PBXBuildFile; fileRef = AFDFA32529C8190E00D456FE /* CategoryList.swift */; };
		AFDFA32829C8239900D456FE /* CategoryIndicator.swift in Sources */ = {isa = PBXBuildFile; fileRef = AFDFA32729C8239900D456FE /* CategoryIndicator.swift */; };
		AFEC9E4C29F970690044BE56 /* VerifyCodeUseCase.swift in Sources */ = {isa = PBXBuildFile; fileRef = AFEC9E4B29F970690044BE56 /* VerifyCodeUseCase.swift */; };
		AFF47B5D29F7FF0A008C4456 /* RequestVerificationCodeUseCase.swift in Sources */ = {isa = PBXBuildFile; fileRef = AFF47B5C29F7FF0A008C4456 /* RequestVerificationCodeUseCase.swift */; };
		AFF6EA1C29E0171A00C805C3 /* SearchBar.swift in Sources */ = {isa = PBXBuildFile; fileRef = AFF6EA1B29E0171A00C805C3 /* SearchBar.swift */; };
		AFF8DC1529C427EA003FB914 /* LoginView.swift in Sources */ = {isa = PBXBuildFile; fileRef = AFF8DC1429C427EA003FB914 /* LoginView.swift */; };
		AFF8DC1729C43371003FB914 /* SignupView.swift in Sources */ = {isa = PBXBuildFile; fileRef = AFF8DC1629C43371003FB914 /* SignupView.swift */; };
		AFF8DC1A29C43A21003FB914 /* String+.swift in Sources */ = {isa = PBXBuildFile; fileRef = AFF8DC1929C43A21003FB914 /* String+.swift */; };
		AFF8DC2029C446DE003FB914 /* LoginViewModel.swift in Sources */ = {isa = PBXBuildFile; fileRef = AFF8DC1F29C446DE003FB914 /* LoginViewModel.swift */; };
		AFF8DC2229C44CE9003FB914 /* MainView.swift in Sources */ = {isa = PBXBuildFile; fileRef = AFF8DC2129C44CE9003FB914 /* MainView.swift */; };
		AFF8DC2429C453F5003FB914 /* DIContainer.swift in Sources */ = {isa = PBXBuildFile; fileRef = AFF8DC2329C453F5003FB914 /* DIContainer.swift */; };
		AFF8DC2629C45F05003FB914 /* NormalButton.swift in Sources */ = {isa = PBXBuildFile; fileRef = AFF8DC2529C45F05003FB914 /* NormalButton.swift */; };
/* End PBXBuildFile section */

/* Begin PBXContainerItemProxy section */
		76853AF629B1F9F9009428DA /* PBXContainerItemProxy */ = {
			isa = PBXContainerItemProxy;
			containerPortal = 76853ADD29B1F9F8009428DA /* Project object */;
			proxyType = 1;
			remoteGlobalIDString = 76853AE429B1F9F8009428DA;
			remoteInfo = GifTogether;
		};
		76853B0029B1F9F9009428DA /* PBXContainerItemProxy */ = {
			isa = PBXContainerItemProxy;
			containerPortal = 76853ADD29B1F9F8009428DA /* Project object */;
			proxyType = 1;
			remoteGlobalIDString = 76853AE429B1F9F8009428DA;
			remoteInfo = GifTogether;
		};
/* End PBXContainerItemProxy section */

/* Begin PBXFileReference section */
		7609DD2229C843C000C9CCBB /* PaymentGifticon.swift */ = {isa = PBXFileReference; lastKnownFileType = sourcecode.swift; path = PaymentGifticon.swift; sourceTree = "<group>"; };
		7609DD2429C844C200C9CCBB /* PaymentPrice.swift */ = {isa = PBXFileReference; lastKnownFileType = sourcecode.swift; path = PaymentPrice.swift; sourceTree = "<group>"; };
		7609DD2629C8493100C9CCBB /* PaymentButton.swift */ = {isa = PBXFileReference; lastKnownFileType = sourcecode.swift; path = PaymentButton.swift; sourceTree = "<group>"; };
		7609DD2829C8564200C9CCBB /* ExDivider.swift */ = {isa = PBXFileReference; lastKnownFileType = sourcecode.swift; path = ExDivider.swift; sourceTree = "<group>"; };
		7617C22529F274AA00A25A78 /* ImagePicker.swift */ = {isa = PBXFileReference; lastKnownFileType = sourcecode.swift; path = ImagePicker.swift; sourceTree = "<group>"; };
		762A506029E3E2AC00317450 /* UpdateGifticonUseCase.swift */ = {isa = PBXFileReference; lastKnownFileType = sourcecode.swift; path = UpdateGifticonUseCase.swift; sourceTree = "<group>"; };
		762F648829F8FE14002C3401 /* NumberManager.swift */ = {isa = PBXFileReference; lastKnownFileType = sourcecode.swift; path = NumberManager.swift; sourceTree = "<group>"; };
		76311D5F29D17F5B008555D5 /* FilterBar.swift */ = {isa = PBXFileReference; lastKnownFileType = sourcecode.swift; path = FilterBar.swift; sourceTree = "<group>"; };
		76311D6129D17F77008555D5 /* GridGifticon.swift */ = {isa = PBXFileReference; lastKnownFileType = sourcecode.swift; path = GridGifticon.swift; sourceTree = "<group>"; };
		76311D6329D17F92008555D5 /* GridView.swift */ = {isa = PBXFileReference; lastKnownFileType = sourcecode.swift; path = GridView.swift; sourceTree = "<group>"; };
		764789932A064CD600B8F072 /* ReportView.swift */ = {isa = PBXFileReference; lastKnownFileType = sourcecode.swift; path = ReportView.swift; sourceTree = "<group>"; };
		764789952A077E1500B8F072 /* ReportRepository.swift */ = {isa = PBXFileReference; lastKnownFileType = sourcecode.swift; path = ReportRepository.swift; sourceTree = "<group>"; };
		764789972A077E5100B8F072 /* Report.swift */ = {isa = PBXFileReference; lastKnownFileType = sourcecode.swift; path = Report.swift; sourceTree = "<group>"; };
		764789992A0781A100B8F072 /* CreateReportUseCase.swift */ = {isa = PBXFileReference; lastKnownFileType = sourcecode.swift; path = CreateReportUseCase.swift; sourceTree = "<group>"; };
		7647899C2A0784FE00B8F072 /* ReportViewModel.swift */ = {isa = PBXFileReference; lastKnownFileType = sourcecode.swift; path = ReportViewModel.swift; sourceTree = "<group>"; };
		764F143629EE8AFB009E0B21 /* DeleteGifticonUseCase.swift */ = {isa = PBXFileReference; lastKnownFileType = sourcecode.swift; path = DeleteGifticonUseCase.swift; sourceTree = "<group>"; };
		76817F1629DC2C8B0034232F /* FavoriteViewModel.swift */ = {isa = PBXFileReference; lastKnownFileType = sourcecode.swift; path = FavoriteViewModel.swift; sourceTree = "<group>"; };
		76817F1829DD825C0034232F /* UpdateUserInfoUseCase.swift */ = {isa = PBXFileReference; lastKnownFileType = sourcecode.swift; path = UpdateUserInfoUseCase.swift; sourceTree = "<group>"; };
		76853AE529B1F9F8009428DA /* GifTogether.app */ = {isa = PBXFileReference; explicitFileType = wrapper.application; includeInIndex = 0; path = GifTogether.app; sourceTree = BUILT_PRODUCTS_DIR; };
		76853AE829B1F9F8009428DA /* GifTogetherApp.swift */ = {isa = PBXFileReference; lastKnownFileType = sourcecode.swift; path = GifTogetherApp.swift; sourceTree = "<group>"; };
		76853AEA29B1F9F8009428DA /* ContentView.swift */ = {isa = PBXFileReference; lastKnownFileType = sourcecode.swift; path = ContentView.swift; sourceTree = "<group>"; };
		76853AEC29B1F9F8009428DA /* Assets.xcassets */ = {isa = PBXFileReference; lastKnownFileType = folder.assetcatalog; path = Assets.xcassets; sourceTree = "<group>"; };
		76853AEF29B1F9F8009428DA /* Preview Assets.xcassets */ = {isa = PBXFileReference; lastKnownFileType = folder.assetcatalog; path = "Preview Assets.xcassets"; sourceTree = "<group>"; };
		76853AF529B1F9F9009428DA /* GifTogetherTests.xctest */ = {isa = PBXFileReference; explicitFileType = wrapper.cfbundle; includeInIndex = 0; path = GifTogetherTests.xctest; sourceTree = BUILT_PRODUCTS_DIR; };
		76853AF929B1F9F9009428DA /* GifTogetherTests.swift */ = {isa = PBXFileReference; lastKnownFileType = sourcecode.swift; path = GifTogetherTests.swift; sourceTree = "<group>"; };
		76853AFF29B1F9F9009428DA /* GifTogetherUITests.xctest */ = {isa = PBXFileReference; explicitFileType = wrapper.cfbundle; includeInIndex = 0; path = GifTogetherUITests.xctest; sourceTree = BUILT_PRODUCTS_DIR; };
		76853B0329B1F9F9009428DA /* GifTogetherUITests.swift */ = {isa = PBXFileReference; lastKnownFileType = sourcecode.swift; path = GifTogetherUITests.swift; sourceTree = "<group>"; };
		76853B0529B1F9F9009428DA /* GifTogetherUITestsLaunchTests.swift */ = {isa = PBXFileReference; lastKnownFileType = sourcecode.swift; path = GifTogetherUITestsLaunchTests.swift; sourceTree = "<group>"; };
		7687476C29C30A7E00F6067D /* DetailView.swift */ = {isa = PBXFileReference; lastKnownFileType = sourcecode.swift; path = DetailView.swift; sourceTree = "<group>"; };
		7687476E29C30A9800F6067D /* GifticonDetail.swift */ = {isa = PBXFileReference; lastKnownFileType = sourcecode.swift; path = GifticonDetail.swift; sourceTree = "<group>"; };
		7687477229C30C1100F6067D /* GifticonPurchase.swift */ = {isa = PBXFileReference; lastKnownFileType = sourcecode.swift; path = GifticonPurchase.swift; sourceTree = "<group>"; };
		7687477429C32F6200F6067D /* PurchaseSheet.swift */ = {isa = PBXFileReference; lastKnownFileType = sourcecode.swift; path = PurchaseSheet.swift; sourceTree = "<group>"; };
		7687477629C57B0A00F6067D /* PaymentView.swift */ = {isa = PBXFileReference; lastKnownFileType = sourcecode.swift; path = PaymentView.swift; sourceTree = "<group>"; };
		7691783E29D442600093CD95 /* GridGifticonItem.swift */ = {isa = PBXFileReference; lastKnownFileType = sourcecode.swift; path = GridGifticonItem.swift; sourceTree = "<group>"; };
		76BFE80E29C06930005B01E5 /* FavoriteView.swift */ = {isa = PBXFileReference; fileEncoding = 4; lastKnownFileType = sourcecode.swift; path = FavoriteView.swift; sourceTree = "<group>"; };
		76BFE80F29C06930005B01E5 /* ProfileView.swift */ = {isa = PBXFileReference; fileEncoding = 4; lastKnownFileType = sourcecode.swift; path = ProfileView.swift; sourceTree = "<group>"; };
		76BFE81029C06930005B01E5 /* SearchView.swift */ = {isa = PBXFileReference; fileEncoding = 4; lastKnownFileType = sourcecode.swift; path = SearchView.swift; sourceTree = "<group>"; };
		76BFE81229C06931005B01E5 /* BannerView.swift */ = {isa = PBXFileReference; fileEncoding = 4; lastKnownFileType = sourcecode.swift; path = BannerView.swift; sourceTree = "<group>"; };
		76BFE81329C06931005B01E5 /* HomeViewModel.swift */ = {isa = PBXFileReference; fileEncoding = 4; lastKnownFileType = sourcecode.swift; path = HomeViewModel.swift; sourceTree = "<group>"; };
		76BFE81429C06931005B01E5 /* CategoryItem.swift */ = {isa = PBXFileReference; fileEncoding = 4; lastKnownFileType = sourcecode.swift; path = CategoryItem.swift; sourceTree = "<group>"; };
		76BFE81529C06931005B01E5 /* HomeView.swift */ = {isa = PBXFileReference; fileEncoding = 4; lastKnownFileType = sourcecode.swift; path = HomeView.swift; sourceTree = "<group>"; };
		76BFE81629C06931005B01E5 /* GifticonItem.swift */ = {isa = PBXFileReference; fileEncoding = 4; lastKnownFileType = sourcecode.swift; path = GifticonItem.swift; sourceTree = "<group>"; };
		76BFE81729C06931005B01E5 /* GifticonRow.swift */ = {isa = PBXFileReference; fileEncoding = 4; lastKnownFileType = sourcecode.swift; path = GifticonRow.swift; sourceTree = "<group>"; };
		76BFE81829C06931005B01E5 /* CategoryRow.swift */ = {isa = PBXFileReference; fileEncoding = 4; lastKnownFileType = sourcecode.swift; path = CategoryRow.swift; sourceTree = "<group>"; };
		76BFE82429C069C4005B01E5 /* categories.json */ = {isa = PBXFileReference; fileEncoding = 4; lastKnownFileType = text.json; path = categories.json; sourceTree = "<group>"; };
		76BFE82A29C06CFE005B01E5 /* Category.swift */ = {isa = PBXFileReference; fileEncoding = 4; lastKnownFileType = sourcecode.swift; path = Category.swift; sourceTree = "<group>"; };
		76F1699E29DABF0C00A9923E /* HalfSheet.swift */ = {isa = PBXFileReference; lastKnownFileType = sourcecode.swift; path = HalfSheet.swift; sourceTree = "<group>"; };
		AF00628629CAD49100727953 /* CategoryView.swift */ = {isa = PBXFileReference; lastKnownFileType = sourcecode.swift; path = CategoryView.swift; sourceTree = "<group>"; };
		AF04E9022A025527002ED76D /* FirestorageRepository.swift */ = {isa = PBXFileReference; lastKnownFileType = sourcecode.swift; path = FirestorageRepository.swift; sourceTree = "<group>"; };
		AF04E9042A025558002ED76D /* DefaultFirestorageRepository.swift */ = {isa = PBXFileReference; lastKnownFileType = sourcecode.swift; path = DefaultFirestorageRepository.swift; sourceTree = "<group>"; };
		AF04E90D2A027BAF002ED76D /* RegisterImageUseCase.swift */ = {isa = PBXFileReference; lastKnownFileType = sourcecode.swift; path = RegisterImageUseCase.swift; sourceTree = "<group>"; };
		AF18058129BE077E00E181D2 /* FirebaseAuthService.swift */ = {isa = PBXFileReference; lastKnownFileType = sourcecode.swift; path = FirebaseAuthService.swift; sourceTree = "<group>"; };
		AF1ECBDC29D573B2005F635D /* GifticonQueryEntity+CoreDataClass.swift */ = {isa = PBXFileReference; lastKnownFileType = sourcecode.swift; path = "GifticonQueryEntity+CoreDataClass.swift"; sourceTree = "<group>"; };
		AF1ECBDD29D573B2005F635D /* GifticonQueryEntity+CoreDataProperties.swift */ = {isa = PBXFileReference; lastKnownFileType = sourcecode.swift; path = "GifticonQueryEntity+CoreDataProperties.swift"; sourceTree = "<group>"; };
		AF1ECBE129D57519005F635D /* GifticonQueryEntity+Mapping.swift */ = {isa = PBXFileReference; lastKnownFileType = sourcecode.swift; path = "GifticonQueryEntity+Mapping.swift"; sourceTree = "<group>"; };
		AF211D4E29CC25D50024F5F4 /* Brand.swift */ = {isa = PBXFileReference; lastKnownFileType = sourcecode.swift; path = Brand.swift; sourceTree = "<group>"; };
		AF40513C2A0A360D00CFE604 /* GoogleService-Info.plist */ = {isa = PBXFileReference; fileEncoding = 4; lastKnownFileType = text.plist.xml; path = "GoogleService-Info.plist"; sourceTree = "<group>"; };
		AF556C6D29DEBFB7001FF7D6 /* ToastMessage.swift */ = {isa = PBXFileReference; lastKnownFileType = sourcecode.swift; path = ToastMessage.swift; sourceTree = "<group>"; };
		AF5A89A229DC3B8F004BDCBD /* DeleteAccountUseCase.swift */ = {isa = PBXFileReference; lastKnownFileType = sourcecode.swift; path = DeleteAccountUseCase.swift; sourceTree = "<group>"; };
		AF5F0CB429F96810006848A0 /* GoogleService-Info.plist */ = {isa = PBXFileReference; fileEncoding = 4; lastKnownFileType = text.plist.xml; name = "GoogleService-Info.plist"; path = "../../../../Downloads/GoogleService-Info.plist"; sourceTree = "<group>"; };
		AF6549EF2A0A69D200BAF212 /* DeleteImageUseCase.swift */ = {isa = PBXFileReference; lastKnownFileType = sourcecode.swift; path = DeleteImageUseCase.swift; sourceTree = "<group>"; };
		AF6A2C9929E003C9007DDEEA /* RegisterView.swift */ = {isa = PBXFileReference; lastKnownFileType = sourcecode.swift; path = RegisterView.swift; sourceTree = "<group>"; };
		AF6C035B29D59AC80023FE23 /* GifticonQueriesRepository.swift */ = {isa = PBXFileReference; lastKnownFileType = sourcecode.swift; path = GifticonQueriesRepository.swift; sourceTree = "<group>"; };
		AF6C035D29D59B680023FE23 /* DefaultGifticonQueriesRepository.swift */ = {isa = PBXFileReference; lastKnownFileType = sourcecode.swift; path = DefaultGifticonQueriesRepository.swift; sourceTree = "<group>"; };
		AF6C035F29D59C800023FE23 /* SearchGifticonUseCase.swift */ = {isa = PBXFileReference; lastKnownFileType = sourcecode.swift; path = SearchGifticonUseCase.swift; sourceTree = "<group>"; };
		AF6C036229D59F8A0023FE23 /* SearchViewModel.swift */ = {isa = PBXFileReference; lastKnownFileType = sourcecode.swift; path = SearchViewModel.swift; sourceTree = "<group>"; };
		AF6C036429D5A1380023FE23 /* FetchRecentGifticonQueriesUseCase.swift */ = {isa = PBXFileReference; lastKnownFileType = sourcecode.swift; path = FetchRecentGifticonQueriesUseCase.swift; sourceTree = "<group>"; };
		AF7AE95A29D50EA900002135 /* CoreDataStorage.swift */ = {isa = PBXFileReference; lastKnownFileType = sourcecode.swift; path = CoreDataStorage.swift; sourceTree = "<group>"; };
		AF7AE95D29D50ED400002135 /* CoreDataStorage.xcdatamodel */ = {isa = PBXFileReference; lastKnownFileType = wrapper.xcdatamodel; path = CoreDataStorage.xcdatamodel; sourceTree = "<group>"; };
		AF7AE96029D56A1700002135 /* GifticonQueriesStorage.swift */ = {isa = PBXFileReference; lastKnownFileType = sourcecode.swift; path = GifticonQueriesStorage.swift; sourceTree = "<group>"; };
		AF7AE96229D56A7A00002135 /* GifticonQuery.swift */ = {isa = PBXFileReference; lastKnownFileType = sourcecode.swift; path = GifticonQuery.swift; sourceTree = "<group>"; };
		AF7AE96529D56B4000002135 /* CoreDataGifticonQueriesStorage.swift */ = {isa = PBXFileReference; lastKnownFileType = sourcecode.swift; path = CoreDataGifticonQueriesStorage.swift; sourceTree = "<group>"; };
		AF7CFD2D29DACB3E006C9C1C /* DeleteAllGifticonQueriesUseCase.swift */ = {isa = PBXFileReference; lastKnownFileType = sourcecode.swift; path = DeleteAllGifticonQueriesUseCase.swift; sourceTree = "<group>"; };
		AF7E181529B3137A00BD3D61 /* Gifticon.swift */ = {isa = PBXFileReference; lastKnownFileType = sourcecode.swift; path = Gifticon.swift; sourceTree = "<group>"; };
		AF7E181729B3201200BD3D61 /* UserInfo.swift */ = {isa = PBXFileReference; lastKnownFileType = sourcecode.swift; path = UserInfo.swift; sourceTree = "<group>"; };
		AF95C80B29B9C45C00FBC6E9 /* API.swift */ = {isa = PBXFileReference; lastKnownFileType = sourcecode.swift; path = API.swift; sourceTree = "<group>"; };
		AF95C80D29B9C5BC00FBC6E9 /* APIClient.swift */ = {isa = PBXFileReference; lastKnownFileType = sourcecode.swift; path = APIClient.swift; sourceTree = "<group>"; };
		AF95C81129B9CFDC00FBC6E9 /* FirestoreRepository.swift */ = {isa = PBXFileReference; lastKnownFileType = sourcecode.swift; path = FirestoreRepository.swift; sourceTree = "<group>"; };
		AF95C81429B9D03B00FBC6E9 /* FetchAllGifticonsUseCase.swift */ = {isa = PBXFileReference; lastKnownFileType = sourcecode.swift; path = FetchAllGifticonsUseCase.swift; sourceTree = "<group>"; };
		AF95C81729B9D0AE00FBC6E9 /* Entity.swift */ = {isa = PBXFileReference; lastKnownFileType = sourcecode.swift; path = Entity.swift; sourceTree = "<group>"; };
		AF95C81929B9D1B500FBC6E9 /* RegisterGifticonUseCase.swift */ = {isa = PBXFileReference; lastKnownFileType = sourcecode.swift; path = RegisterGifticonUseCase.swift; sourceTree = "<group>"; };
		AF95C81B29B9D2AB00FBC6E9 /* APIConfiguration.swift */ = {isa = PBXFileReference; lastKnownFileType = sourcecode.swift; path = APIConfiguration.swift; sourceTree = "<group>"; };
		AF95C81D29B9D31100FBC6E9 /* APIError.swift */ = {isa = PBXFileReference; lastKnownFileType = sourcecode.swift; path = APIError.swift; sourceTree = "<group>"; };
		AF9790F529C57AA5009AB08D /* ProfileRow.swift */ = {isa = PBXFileReference; lastKnownFileType = sourcecode.swift; path = ProfileRow.swift; sourceTree = "<group>"; };
		AF98867129CD3A8000F85EE4 /* BrandLogo.swift */ = {isa = PBXFileReference; lastKnownFileType = sourcecode.swift; path = BrandLogo.swift; sourceTree = "<group>"; };
		AF9BE08029E6919E008E7540 /* BrandSelectView.swift */ = {isa = PBXFileReference; fileEncoding = 4; lastKnownFileType = sourcecode.swift; path = BrandSelectView.swift; sourceTree = "<group>"; };
		AF9BE08129E6919E008E7540 /* GifticonRegisterView.swift */ = {isa = PBXFileReference; fileEncoding = 4; lastKnownFileType = sourcecode.swift; path = GifticonRegisterView.swift; sourceTree = "<group>"; };
		AF9BE08229E6919E008E7540 /* CategorySelectView.swift */ = {isa = PBXFileReference; fileEncoding = 4; lastKnownFileType = sourcecode.swift; path = CategorySelectView.swift; sourceTree = "<group>"; };
		AF9BE08629E6A9F3008E7540 /* FetchGifticonUseCase.swift */ = {isa = PBXFileReference; lastKnownFileType = sourcecode.swift; path = FetchGifticonUseCase.swift; sourceTree = "<group>"; };
		AF9C26C529C0502F00AE1144 /* FetchUseInfoUseCase.swift */ = {isa = PBXFileReference; lastKnownFileType = sourcecode.swift; path = FetchUseInfoUseCase.swift; sourceTree = "<group>"; };
		AFA48AC929E3F9FB0025DB61 /* DateManager.swift */ = {isa = PBXFileReference; lastKnownFileType = sourcecode.swift; path = DateManager.swift; sourceTree = "<group>"; };
		AFA48ACB29E406F10025DB61 /* SearchBrandUseCase.swift */ = {isa = PBXFileReference; lastKnownFileType = sourcecode.swift; path = SearchBrandUseCase.swift; sourceTree = "<group>"; };
		AFA5EA0B29C6999A0041C1BD /* MyPageViewModel.swift */ = {isa = PBXFileReference; lastKnownFileType = sourcecode.swift; path = MyPageViewModel.swift; sourceTree = "<group>"; };
		AFA5EA0D29C6A3270041C1BD /* SettingView.swift */ = {isa = PBXFileReference; lastKnownFileType = sourcecode.swift; path = SettingView.swift; sourceTree = "<group>"; };
		AFA5EA0F29C6A5F20041C1BD /* AgreementOfUtilization.swift */ = {isa = PBXFileReference; lastKnownFileType = sourcecode.swift; path = AgreementOfUtilization.swift; sourceTree = "<group>"; };
		AFA5EA1129C6A6370041C1BD /* PersonalInfomation.swift */ = {isa = PBXFileReference; lastKnownFileType = sourcecode.swift; path = PersonalInfomation.swift; sourceTree = "<group>"; };
		AFA5EA1329C6CCF10041C1BD /* SaleGifticonList.swift */ = {isa = PBXFileReference; lastKnownFileType = sourcecode.swift; path = SaleGifticonList.swift; sourceTree = "<group>"; };
		AFA5EA1529C6CED40041C1BD /* SaleItem.swift */ = {isa = PBXFileReference; lastKnownFileType = sourcecode.swift; path = SaleItem.swift; sourceTree = "<group>"; };
		AFAD7E0329C5F4BE0006DE3C /* NormalTextField.swift */ = {isa = PBXFileReference; lastKnownFileType = sourcecode.swift; path = NormalTextField.swift; sourceTree = "<group>"; };
		AFAD7E0529C5F7310006DE3C /* PasswordTextField.swift */ = {isa = PBXFileReference; lastKnownFileType = sourcecode.swift; path = PasswordTextField.swift; sourceTree = "<group>"; };
		AFC0E8C529B9A23F004CD1E5 /* GifticonRepository.swift */ = {isa = PBXFileReference; lastKnownFileType = sourcecode.swift; path = GifticonRepository.swift; sourceTree = "<group>"; };
		AFD0908029DB023C002A3CA6 /* View+.swift */ = {isa = PBXFileReference; lastKnownFileType = sourcecode.swift; path = "View+.swift"; sourceTree = "<group>"; };
		AFD2E84C29C01E120081CBA4 /* DefaultFirebaseAuthService.swift */ = {isa = PBXFileReference; lastKnownFileType = sourcecode.swift; path = DefaultFirebaseAuthService.swift; sourceTree = "<group>"; };
		AFD2E84E29C01E520081CBA4 /* LoginUseCase.swift */ = {isa = PBXFileReference; lastKnownFileType = sourcecode.swift; path = LoginUseCase.swift; sourceTree = "<group>"; };
		AFD2E85029C01E7D0081CBA4 /* CreateUserUseCase.swift */ = {isa = PBXFileReference; lastKnownFileType = sourcecode.swift; path = CreateUserUseCase.swift; sourceTree = "<group>"; };
		AFD2E85229C0212D0081CBA4 /* UserInfoRepository.swift */ = {isa = PBXFileReference; lastKnownFileType = sourcecode.swift; path = UserInfoRepository.swift; sourceTree = "<group>"; };
		AFDFA32529C8190E00D456FE /* CategoryList.swift */ = {isa = PBXFileReference; lastKnownFileType = sourcecode.swift; path = CategoryList.swift; sourceTree = "<group>"; };
		AFDFA32729C8239900D456FE /* CategoryIndicator.swift */ = {isa = PBXFileReference; lastKnownFileType = sourcecode.swift; path = CategoryIndicator.swift; sourceTree = "<group>"; };
		AFE8BA7729E14B6800B61F9D /* GifticonRegisterView.swift */ = {isa = PBXFileReference; lastKnownFileType = sourcecode.swift; path = GifticonRegisterView.swift; sourceTree = "<group>"; };
		AFEC9E4B29F970690044BE56 /* VerifyCodeUseCase.swift */ = {isa = PBXFileReference; lastKnownFileType = sourcecode.swift; path = VerifyCodeUseCase.swift; sourceTree = "<group>"; };
		AFF47B5A29F7F698008C4456 /* GifTogether.entitlements */ = {isa = PBXFileReference; lastKnownFileType = text.plist.entitlements; path = GifTogether.entitlements; sourceTree = "<group>"; };
		AFF47B5B29F7F6A3008C4456 /* Info.plist */ = {isa = PBXFileReference; lastKnownFileType = text.plist; path = Info.plist; sourceTree = "<group>"; };
		AFF47B5C29F7FF0A008C4456 /* RequestVerificationCodeUseCase.swift */ = {isa = PBXFileReference; lastKnownFileType = sourcecode.swift; path = RequestVerificationCodeUseCase.swift; sourceTree = "<group>"; };
		AFF6EA1929E012F700C805C3 /* CategorySearchView.swift */ = {isa = PBXFileReference; lastKnownFileType = sourcecode.swift; path = CategorySearchView.swift; sourceTree = "<group>"; };
		AFF6EA1B29E0171A00C805C3 /* SearchBar.swift */ = {isa = PBXFileReference; lastKnownFileType = sourcecode.swift; path = SearchBar.swift; sourceTree = "<group>"; };
		AFF8DC1429C427EA003FB914 /* LoginView.swift */ = {isa = PBXFileReference; lastKnownFileType = sourcecode.swift; path = LoginView.swift; sourceTree = "<group>"; };
		AFF8DC1629C43371003FB914 /* SignupView.swift */ = {isa = PBXFileReference; lastKnownFileType = sourcecode.swift; path = SignupView.swift; sourceTree = "<group>"; };
		AFF8DC1929C43A21003FB914 /* String+.swift */ = {isa = PBXFileReference; lastKnownFileType = sourcecode.swift; path = "String+.swift"; sourceTree = "<group>"; };
		AFF8DC1F29C446DE003FB914 /* LoginViewModel.swift */ = {isa = PBXFileReference; lastKnownFileType = sourcecode.swift; path = LoginViewModel.swift; sourceTree = "<group>"; };
		AFF8DC2129C44CE9003FB914 /* MainView.swift */ = {isa = PBXFileReference; lastKnownFileType = sourcecode.swift; path = MainView.swift; sourceTree = "<group>"; };
		AFF8DC2329C453F5003FB914 /* DIContainer.swift */ = {isa = PBXFileReference; lastKnownFileType = sourcecode.swift; path = DIContainer.swift; sourceTree = "<group>"; };
		AFF8DC2529C45F05003FB914 /* NormalButton.swift */ = {isa = PBXFileReference; lastKnownFileType = sourcecode.swift; path = NormalButton.swift; sourceTree = "<group>"; };
/* End PBXFileReference section */

/* Begin PBXFrameworksBuildPhase section */
		76853AE229B1F9F8009428DA /* Frameworks */ = {
			isa = PBXFrameworksBuildPhase;
			buildActionMask = 2147483647;
			files = (
				AF04E9082A02596E002ED76D /* FirebaseAuth in Frameworks */,
				AF04E90A2A02596E002ED76D /* FirebaseFirestore in Frameworks */,
				AF04E90C2A02596E002ED76D /* FirebaseStorage in Frameworks */,
			);
			runOnlyForDeploymentPostprocessing = 0;
		};
		76853AF229B1F9F9009428DA /* Frameworks */ = {
			isa = PBXFrameworksBuildPhase;
			buildActionMask = 2147483647;
			files = (
			);
			runOnlyForDeploymentPostprocessing = 0;
		};
		76853AFC29B1F9F9009428DA /* Frameworks */ = {
			isa = PBXFrameworksBuildPhase;
			buildActionMask = 2147483647;
			files = (
			);
			runOnlyForDeploymentPostprocessing = 0;
		};
/* End PBXFrameworksBuildPhase section */

/* Begin PBXGroup section */
		76311D5E29D17F3A008555D5 /* GridView */ = {
			isa = PBXGroup;
			children = (
				76311D5F29D17F5B008555D5 /* FilterBar.swift */,
				76311D6129D17F77008555D5 /* GridGifticon.swift */,
				76311D6329D17F92008555D5 /* GridView.swift */,
				7691783E29D442600093CD95 /* GridGifticonItem.swift */,
			);
			path = GridView;
			sourceTree = "<group>";
		};
		7647899B2A07845E00B8F072 /* ReportView */ = {
			isa = PBXGroup;
			children = (
				764789932A064CD600B8F072 /* ReportView.swift */,
			);
			path = ReportView;
			sourceTree = "<group>";
		};
		76817F1529DC2C790034232F /* ViewModel */ = {
			isa = PBXGroup;
			children = (
				76817F1629DC2C8B0034232F /* FavoriteViewModel.swift */,
			);
			path = ViewModel;
			sourceTree = "<group>";
		};
		76853ADC29B1F9F8009428DA = {
			isa = PBXGroup;
			children = (
				AF40513C2A0A360D00CFE604 /* GoogleService-Info.plist */,
				76853AE729B1F9F8009428DA /* GifTogether */,
				76853AEC29B1F9F8009428DA /* Assets.xcassets */,
				76853AF829B1F9F9009428DA /* GifTogetherTests */,
				76853B0229B1F9F9009428DA /* GifTogetherUITests */,
				76853AE629B1F9F8009428DA /* Products */,
				AF480EDE29BDF333000AEC8D /* Frameworks */,
				AFC7396A29E68B7800B2F509 /* Recovered References */,
			);
			sourceTree = "<group>";
		};
		76853AE629B1F9F8009428DA /* Products */ = {
			isa = PBXGroup;
			children = (
				76853AE529B1F9F8009428DA /* GifTogether.app */,
				76853AF529B1F9F9009428DA /* GifTogetherTests.xctest */,
				76853AFF29B1F9F9009428DA /* GifTogetherUITests.xctest */,
			);
			name = Products;
			sourceTree = "<group>";
		};
		76853AE729B1F9F8009428DA /* GifTogether */ = {
			isa = PBXGroup;
			children = (
				AFF47B5B29F7F6A3008C4456 /* Info.plist */,
				AF5F0CB429F96810006848A0 /* GoogleService-Info.plist */,
				AFF47B5A29F7F698008C4456 /* GifTogether.entitlements */,
				76853AE829B1F9F8009428DA /* GifTogetherApp.swift */,
				AFF8DC2329C453F5003FB914 /* DIContainer.swift */,
				AFC0E8C329B9A20F004CD1E5 /* View */,
				AFC0E8C229B9A1F5004CD1E5 /* Domain */,
				AFC0E8C429B9A227004CD1E5 /* Data */,
				AFC0E8C729B9AA9B004CD1E5 /* Infrastructure */,
				76853AEE29B1F9F8009428DA /* Preview Content */,
				76BFE82329C069C4005B01E5 /* Resources */,
			);
			path = GifTogether;
			sourceTree = "<group>";
		};
		76853AEE29B1F9F8009428DA /* Preview Content */ = {
			isa = PBXGroup;
			children = (
				76853AEF29B1F9F8009428DA /* Preview Assets.xcassets */,
			);
			path = "Preview Content";
			sourceTree = "<group>";
		};
		76853AF829B1F9F9009428DA /* GifTogetherTests */ = {
			isa = PBXGroup;
			children = (
				76853AF929B1F9F9009428DA /* GifTogetherTests.swift */,
			);
			path = GifTogetherTests;
			sourceTree = "<group>";
		};
		76853B0229B1F9F9009428DA /* GifTogetherUITests */ = {
			isa = PBXGroup;
			children = (
				76853B0329B1F9F9009428DA /* GifTogetherUITests.swift */,
				76853B0529B1F9F9009428DA /* GifTogetherUITestsLaunchTests.swift */,
			);
			path = GifTogetherUITests;
			sourceTree = "<group>";
		};
		76BBE68A29E5477F005FC494 /* HomeView */ = {
			isa = PBXGroup;
			children = (
				76BFE81529C06931005B01E5 /* HomeView.swift */,
				76BFE81229C06931005B01E5 /* BannerView.swift */,
				76BFE81829C06931005B01E5 /* CategoryRow.swift */,
				76BFE81429C06931005B01E5 /* CategoryItem.swift */,
				76BFE81729C06931005B01E5 /* GifticonRow.swift */,
				76BFE81629C06931005B01E5 /* GifticonItem.swift */,
			);
			path = HomeView;
			sourceTree = "<group>";
		};
		76BBE68B29E5478E005FC494 /* DetailView */ = {
			isa = PBXGroup;
			children = (
				7687476C29C30A7E00F6067D /* DetailView.swift */,
				7687476E29C30A9800F6067D /* GifticonDetail.swift */,
				7687477229C30C1100F6067D /* GifticonPurchase.swift */,
				7687477429C32F6200F6067D /* PurchaseSheet.swift */,
				7687477629C57B0A00F6067D /* PaymentView.swift */,
				7609DD2229C843C000C9CCBB /* PaymentGifticon.swift */,
				7609DD2429C844C200C9CCBB /* PaymentPrice.swift */,
				7609DD2629C8493100C9CCBB /* PaymentButton.swift */,
				7609DD2829C8564200C9CCBB /* ExDivider.swift */,
			);
			path = DetailView;
			sourceTree = "<group>";
		};
		76BFE81129C06931005B01E5 /* HomeScene */ = {
			isa = PBXGroup;
			children = (
				AF0AD2CF29C0745A00EBAC5E /* ViewModel */,
				AF0AD2D029C0747800EBAC5E /* View */,
			);
			path = HomeScene;
			sourceTree = "<group>";
		};
		76BFE82329C069C4005B01E5 /* Resources */ = {
			isa = PBXGroup;
			children = (
				76BFE82429C069C4005B01E5 /* categories.json */,
			);
			path = Resources;
			sourceTree = "<group>";
		};
		AF0AD2CF29C0745A00EBAC5E /* ViewModel */ = {
			isa = PBXGroup;
			children = (
				76BFE81329C06931005B01E5 /* HomeViewModel.swift */,
				7647899C2A0784FE00B8F072 /* ReportViewModel.swift */,
			);
			path = ViewModel;
			sourceTree = "<group>";
		};
		AF0AD2D029C0747800EBAC5E /* View */ = {
			isa = PBXGroup;
			children = (
				76311D5E29D17F3A008555D5 /* GridView */,
				AF98867329CD425600F85EE4 /* CategoryView */,
				76BBE68A29E5477F005FC494 /* HomeView */,
				76BBE68B29E5478E005FC494 /* DetailView */,
				7647899B2A07845E00B8F072 /* ReportView */,
				AF9BE07F29E6919E008E7540 /* RegisterView */,
			);
			path = View;
			sourceTree = "<group>";
		};
		AF0AD2D129C0749D00EBAC5E /* MyPageScene */ = {
			isa = PBXGroup;
			children = (
				AFA5EA0A29C6998B0041C1BD /* ViewModel */,
				AF0AD2D229C074BD00EBAC5E /* View */,
			);
			path = MyPageScene;
			sourceTree = "<group>";
		};
		AF0AD2D229C074BD00EBAC5E /* View */ = {
			isa = PBXGroup;
			children = (
				76BFE80F29C06930005B01E5 /* ProfileView.swift */,
				AF9790F529C57AA5009AB08D /* ProfileRow.swift */,
				AFA5EA1329C6CCF10041C1BD /* SaleGifticonList.swift */,
				AFA5EA1529C6CED40041C1BD /* SaleItem.swift */,
				AFA5EA0D29C6A3270041C1BD /* SettingView.swift */,
				AFA5EA0F29C6A5F20041C1BD /* AgreementOfUtilization.swift */,
				AFA5EA1129C6A6370041C1BD /* PersonalInfomation.swift */,
			);
			path = View;
			sourceTree = "<group>";
		};
		AF0AD2D329C074C800EBAC5E /* SearchScene */ = {
			isa = PBXGroup;
			children = (
				AF6C036129D59F780023FE23 /* ViewModel */,
				AF0AD2D529C0751A00EBAC5E /* View */,
			);
			path = SearchScene;
			sourceTree = "<group>";
		};
		AF0AD2D429C074D100EBAC5E /* FavoriteScene */ = {
			isa = PBXGroup;
			children = (
				76817F1529DC2C790034232F /* ViewModel */,
				AF0AD2D629C0752100EBAC5E /* View */,
			);
			path = FavoriteScene;
			sourceTree = "<group>";
		};
		AF0AD2D529C0751A00EBAC5E /* View */ = {
			isa = PBXGroup;
			children = (
				76BFE81029C06930005B01E5 /* SearchView.swift */,
			);
			path = View;
			sourceTree = "<group>";
		};
		AF0AD2D629C0752100EBAC5E /* View */ = {
			isa = PBXGroup;
			children = (
				76BFE80E29C06930005B01E5 /* FavoriteView.swift */,
			);
			path = View;
			sourceTree = "<group>";
		};
		AF1ECBE029D5750A005F635D /* EntityMapping */ = {
			isa = PBXGroup;
			children = (
				AF1ECBE129D57519005F635D /* GifticonQueryEntity+Mapping.swift */,
			);
			path = EntityMapping;
			sourceTree = "<group>";
		};
		AF480EDE29BDF333000AEC8D /* Frameworks */ = {
			isa = PBXGroup;
			children = (
			);
			name = Frameworks;
			sourceTree = "<group>";
		};
		AF6C036129D59F780023FE23 /* ViewModel */ = {
			isa = PBXGroup;
			children = (
				AF6C036229D59F8A0023FE23 /* SearchViewModel.swift */,
			);
			path = ViewModel;
			sourceTree = "<group>";
		};
		AF7AE95829D50E4800002135 /* PersistentStorages */ = {
			isa = PBXGroup;
			children = (
				AF7AE95F29D569F300002135 /* GifticonQueriesStorage */,
				AF7AE95929D50E7900002135 /* CoreDataStorage */,
			);
			path = PersistentStorages;
			sourceTree = "<group>";
		};
		AF7AE95929D50E7900002135 /* CoreDataStorage */ = {
			isa = PBXGroup;
			children = (
				AF7AE95A29D50EA900002135 /* CoreDataStorage.swift */,
				AF7AE95C29D50ED400002135 /* CoreDataStorage.xcdatamodeld */,
			);
			path = CoreDataStorage;
			sourceTree = "<group>";
		};
		AF7AE95F29D569F300002135 /* GifticonQueriesStorage */ = {
			isa = PBXGroup;
			children = (
				AF7AE96029D56A1700002135 /* GifticonQueriesStorage.swift */,
				AF7AE96429D56B1F00002135 /* CoreDataStorage */,
			);
			path = GifticonQueriesStorage;
			sourceTree = "<group>";
		};
		AF7AE96429D56B1F00002135 /* CoreDataStorage */ = {
			isa = PBXGroup;
			children = (
				AF7AE96529D56B4000002135 /* CoreDataGifticonQueriesStorage.swift */,
				AF1ECBE029D5750A005F635D /* EntityMapping */,
			);
			path = CoreDataStorage;
			sourceTree = "<group>";
		};
		AF7E181429B3136700BD3D61 /* Entities */ = {
			isa = PBXGroup;
			children = (
				AF95C81629B9D0A700FBC6E9 /* Contract */,
				AF7E181529B3137A00BD3D61 /* Gifticon.swift */,
				AF211D4E29CC25D50024F5F4 /* Brand.swift */,
				76BFE82A29C06CFE005B01E5 /* Category.swift */,
				AF7E181729B3201200BD3D61 /* UserInfo.swift */,
				764789972A077E5100B8F072 /* Report.swift */,
				AF7AE96229D56A7A00002135 /* GifticonQuery.swift */,
				AF1ECBDC29D573B2005F635D /* GifticonQueryEntity+CoreDataClass.swift */,
				AF1ECBDD29D573B2005F635D /* GifticonQueryEntity+CoreDataProperties.swift */,
			);
			path = Entities;
			sourceTree = "<group>";
		};
		AF95C80F29B9CFC000FBC6E9 /* Repositories */ = {
			isa = PBXGroup;
			children = (
				AFC0E8C529B9A23F004CD1E5 /* GifticonRepository.swift */,
				AFD2E85229C0212D0081CBA4 /* UserInfoRepository.swift */,
				AF04E9042A025558002ED76D /* DefaultFirestorageRepository.swift */,
				764789952A077E1500B8F072 /* ReportRepository.swift */,
				AF6C035D29D59B680023FE23 /* DefaultGifticonQueriesRepository.swift */,
			);
			path = Repositories;
			sourceTree = "<group>";
		};
		AF95C81029B9CFCA00FBC6E9 /* Interface */ = {
			isa = PBXGroup;
			children = (
				AF95C81129B9CFDC00FBC6E9 /* FirestoreRepository.swift */,
				AF04E9022A025527002ED76D /* FirestorageRepository.swift */,
				AF18058129BE077E00E181D2 /* FirebaseAuthService.swift */,
				AF6C035B29D59AC80023FE23 /* GifticonQueriesRepository.swift */,
			);
			path = Interface;
			sourceTree = "<group>";
		};
		AF95C81329B9D01A00FBC6E9 /* UseCases */ = {
			isa = PBXGroup;
			children = (
				AFD2E84E29C01E520081CBA4 /* LoginUseCase.swift */,
				AFD2E85029C01E7D0081CBA4 /* CreateUserUseCase.swift */,
				AF5A89A229DC3B8F004BDCBD /* DeleteAccountUseCase.swift */,
				764F143629EE8AFB009E0B21 /* DeleteGifticonUseCase.swift */,
				AF9C26C529C0502F00AE1144 /* FetchUseInfoUseCase.swift */,
				AF95C81429B9D03B00FBC6E9 /* FetchAllGifticonsUseCase.swift */,
				AF9BE08629E6A9F3008E7540 /* FetchGifticonUseCase.swift */,
				AF6C035F29D59C800023FE23 /* SearchGifticonUseCase.swift */,
				AFA48ACB29E406F10025DB61 /* SearchBrandUseCase.swift */,
				AF6C036429D5A1380023FE23 /* FetchRecentGifticonQueriesUseCase.swift */,
				AF95C81929B9D1B500FBC6E9 /* RegisterGifticonUseCase.swift */,
				AF7CFD2D29DACB3E006C9C1C /* DeleteAllGifticonQueriesUseCase.swift */,
				76817F1829DD825C0034232F /* UpdateUserInfoUseCase.swift */,
				762A506029E3E2AC00317450 /* UpdateGifticonUseCase.swift */,
				AF04E90D2A027BAF002ED76D /* RegisterImageUseCase.swift */,
				AF6549EF2A0A69D200BAF212 /* DeleteImageUseCase.swift */,
				764789992A0781A100B8F072 /* CreateReportUseCase.swift */,
				AFF47B5C29F7FF0A008C4456 /* RequestVerificationCodeUseCase.swift */,
				AFEC9E4B29F970690044BE56 /* VerifyCodeUseCase.swift */,
			);
			path = UseCases;
			sourceTree = "<group>";
		};
		AF95C81629B9D0A700FBC6E9 /* Contract */ = {
			isa = PBXGroup;
			children = (
				AF95C81729B9D0AE00FBC6E9 /* Entity.swift */,
			);
			path = Contract;
			sourceTree = "<group>";
		};
		AF98867329CD425600F85EE4 /* CategoryView */ = {
			isa = PBXGroup;
			children = (
				AF00628629CAD49100727953 /* CategoryView.swift */,
				AFDFA32529C8190E00D456FE /* CategoryList.swift */,
				AFDFA32729C8239900D456FE /* CategoryIndicator.swift */,
				AF98867129CD3A8000F85EE4 /* BrandLogo.swift */,
			);
			path = CategoryView;
			sourceTree = "<group>";
		};
		AF9BE07F29E6919E008E7540 /* RegisterView */ = {
			isa = PBXGroup;
			children = (
				AF9BE08229E6919E008E7540 /* CategorySelectView.swift */,
				AF9BE08029E6919E008E7540 /* BrandSelectView.swift */,
				AF9BE08129E6919E008E7540 /* GifticonRegisterView.swift */,
			);
			path = RegisterView;
			sourceTree = "<group>";
		};
		AFA5EA0A29C6998B0041C1BD /* ViewModel */ = {
			isa = PBXGroup;
			children = (
				AFA5EA0B29C6999A0041C1BD /* MyPageViewModel.swift */,
			);
			path = ViewModel;
			sourceTree = "<group>";
		};
		AFC0E8C229B9A1F5004CD1E5 /* Domain */ = {
			isa = PBXGroup;
			children = (
				AF7E181429B3136700BD3D61 /* Entities */,
				AF95C81329B9D01A00FBC6E9 /* UseCases */,
				AF95C81029B9CFCA00FBC6E9 /* Interface */,
			);
			path = Domain;
			sourceTree = "<group>";
		};
		AFC0E8C329B9A20F004CD1E5 /* View */ = {
			isa = PBXGroup;
			children = (
				76853AEA29B1F9F8009428DA /* ContentView.swift */,
				AFF8DC2129C44CE9003FB914 /* MainView.swift */,
				AFF8DC1829C43A19003FB914 /* Utils */,
				AFF8DC1229C427D0003FB914 /* LoginScene */,
				76BFE81129C06931005B01E5 /* HomeScene */,
				AF0AD2D329C074C800EBAC5E /* SearchScene */,
				AF0AD2D429C074D100EBAC5E /* FavoriteScene */,
				AF0AD2D129C0749D00EBAC5E /* MyPageScene */,
			);
			path = View;
			sourceTree = "<group>";
		};
		AFC0E8C429B9A227004CD1E5 /* Data */ = {
			isa = PBXGroup;
			children = (
				AF95C80F29B9CFC000FBC6E9 /* Repositories */,
				AFD2E84B29C01E040081CBA4 /* Service */,
				AF7AE95829D50E4800002135 /* PersistentStorages */,
			);
			path = Data;
			sourceTree = "<group>";
		};
		AFC0E8C729B9AA9B004CD1E5 /* Infrastructure */ = {
			isa = PBXGroup;
			children = (
				AFC0E8C929B9ADD2004CD1E5 /* Network */,
			);
			path = Infrastructure;
			sourceTree = "<group>";
		};
		AFC0E8C929B9ADD2004CD1E5 /* Network */ = {
			isa = PBXGroup;
			children = (
				AF95C80B29B9C45C00FBC6E9 /* API.swift */,
				AF95C80D29B9C5BC00FBC6E9 /* APIClient.swift */,
				AF95C81B29B9D2AB00FBC6E9 /* APIConfiguration.swift */,
				AF95C81D29B9D31100FBC6E9 /* APIError.swift */,
			);
			path = Network;
			sourceTree = "<group>";
		};
		AFC7396A29E68B7800B2F509 /* Recovered References */ = {
			isa = PBXGroup;
			children = (
				AFF6EA1929E012F700C805C3 /* CategorySearchView.swift */,
				AFE8BA7729E14B6800B61F9D /* GifticonRegisterView.swift */,
				AF6A2C9929E003C9007DDEEA /* RegisterView.swift */,
			);
			name = "Recovered References";
			sourceTree = "<group>";
		};
		AFD2E84B29C01E040081CBA4 /* Service */ = {
			isa = PBXGroup;
			children = (
				AFD2E84C29C01E120081CBA4 /* DefaultFirebaseAuthService.swift */,
			);
			path = Service;
			sourceTree = "<group>";
		};
		AFF8DC1229C427D0003FB914 /* LoginScene */ = {
			isa = PBXGroup;
			children = (
				AFF8DC1E29C446D4003FB914 /* ViewModel */,
				AFF8DC1D29C44694003FB914 /* View */,
			);
			path = LoginScene;
			sourceTree = "<group>";
		};
		AFF8DC1829C43A19003FB914 /* Utils */ = {
			isa = PBXGroup;
			children = (
				AFF8DC1929C43A21003FB914 /* String+.swift */,
				AFD0908029DB023C002A3CA6 /* View+.swift */,
				76F1699E29DABF0C00A9923E /* HalfSheet.swift */,
				AF556C6D29DEBFB7001FF7D6 /* ToastMessage.swift */,
				AFF6EA1B29E0171A00C805C3 /* SearchBar.swift */,
				AFA48AC929E3F9FB0025DB61 /* DateManager.swift */,
				762F648829F8FE14002C3401 /* NumberManager.swift */,
				7617C22529F274AA00A25A78 /* ImagePicker.swift */,
			);
			path = Utils;
			sourceTree = "<group>";
		};
		AFF8DC1D29C44694003FB914 /* View */ = {
			isa = PBXGroup;
			children = (
				AFF8DC1429C427EA003FB914 /* LoginView.swift */,
				AFF8DC1629C43371003FB914 /* SignupView.swift */,
				AFAD7E0329C5F4BE0006DE3C /* NormalTextField.swift */,
				AFAD7E0529C5F7310006DE3C /* PasswordTextField.swift */,
				AFF8DC2529C45F05003FB914 /* NormalButton.swift */,
			);
			path = View;
			sourceTree = "<group>";
		};
		AFF8DC1E29C446D4003FB914 /* ViewModel */ = {
			isa = PBXGroup;
			children = (
				AFF8DC1F29C446DE003FB914 /* LoginViewModel.swift */,
			);
			path = ViewModel;
			sourceTree = "<group>";
		};
/* End PBXGroup section */

/* Begin PBXNativeTarget section */
		76853AE429B1F9F8009428DA /* GifTogether */ = {
			isa = PBXNativeTarget;
			buildConfigurationList = 76853B0929B1F9F9009428DA /* Build configuration list for PBXNativeTarget "GifTogether" */;
			buildPhases = (
				76853AE129B1F9F8009428DA /* Sources */,
				76853AE229B1F9F8009428DA /* Frameworks */,
				76853AE329B1F9F8009428DA /* Resources */,
			);
			buildRules = (
			);
			dependencies = (
			);
			name = GifTogether;
			packageProductDependencies = (
				AF04E9072A02596E002ED76D /* FirebaseAuth */,
				AF04E9092A02596E002ED76D /* FirebaseFirestore */,
				AF04E90B2A02596E002ED76D /* FirebaseStorage */,
			);
			productName = GifTogether;
			productReference = 76853AE529B1F9F8009428DA /* GifTogether.app */;
			productType = "com.apple.product-type.application";
		};
		76853AF429B1F9F9009428DA /* GifTogetherTests */ = {
			isa = PBXNativeTarget;
			buildConfigurationList = 76853B0C29B1F9F9009428DA /* Build configuration list for PBXNativeTarget "GifTogetherTests" */;
			buildPhases = (
				76853AF129B1F9F9009428DA /* Sources */,
				76853AF229B1F9F9009428DA /* Frameworks */,
				76853AF329B1F9F9009428DA /* Resources */,
			);
			buildRules = (
			);
			dependencies = (
				76853AF729B1F9F9009428DA /* PBXTargetDependency */,
			);
			name = GifTogetherTests;
			packageProductDependencies = (
			);
			productName = GifTogetherTests;
			productReference = 76853AF529B1F9F9009428DA /* GifTogetherTests.xctest */;
			productType = "com.apple.product-type.bundle.unit-test";
		};
		76853AFE29B1F9F9009428DA /* GifTogetherUITests */ = {
			isa = PBXNativeTarget;
			buildConfigurationList = 76853B0F29B1F9F9009428DA /* Build configuration list for PBXNativeTarget "GifTogetherUITests" */;
			buildPhases = (
				76853AFB29B1F9F9009428DA /* Sources */,
				76853AFC29B1F9F9009428DA /* Frameworks */,
				76853AFD29B1F9F9009428DA /* Resources */,
			);
			buildRules = (
			);
			dependencies = (
				76853B0129B1F9F9009428DA /* PBXTargetDependency */,
			);
			name = GifTogetherUITests;
			productName = GifTogetherUITests;
			productReference = 76853AFF29B1F9F9009428DA /* GifTogetherUITests.xctest */;
			productType = "com.apple.product-type.bundle.ui-testing";
		};
/* End PBXNativeTarget section */

/* Begin PBXProject section */
		76853ADD29B1F9F8009428DA /* Project object */ = {
			isa = PBXProject;
			attributes = {
				BuildIndependentTargetsInParallel = 1;
				LastSwiftUpdateCheck = 1420;
				LastUpgradeCheck = 1420;
				TargetAttributes = {
					76853AE429B1F9F8009428DA = {
						CreatedOnToolsVersion = 14.2;
					};
					76853AF429B1F9F9009428DA = {
						CreatedOnToolsVersion = 14.2;
						TestTargetID = 76853AE429B1F9F8009428DA;
					};
					76853AFE29B1F9F9009428DA = {
						CreatedOnToolsVersion = 14.2;
						TestTargetID = 76853AE429B1F9F8009428DA;
					};
				};
			};
			buildConfigurationList = 76853AE029B1F9F8009428DA /* Build configuration list for PBXProject "GifTogether" */;
			compatibilityVersion = "Xcode 14.0";
			developmentRegion = en;
			hasScannedForEncodings = 0;
			knownRegions = (
				en,
				Base,
				ko,
			);
			mainGroup = 76853ADC29B1F9F8009428DA;
			packageReferences = (
				AF04E9062A02596E002ED76D /* XCRemoteSwiftPackageReference "firebase-ios-sdk" */,
			);
			productRefGroup = 76853AE629B1F9F8009428DA /* Products */;
			projectDirPath = "";
			projectRoot = "";
			targets = (
				76853AE429B1F9F8009428DA /* GifTogether */,
				76853AF429B1F9F9009428DA /* GifTogetherTests */,
				76853AFE29B1F9F9009428DA /* GifTogetherUITests */,
			);
		};
/* End PBXProject section */

/* Begin PBXResourcesBuildPhase section */
		76853AE329B1F9F8009428DA /* Resources */ = {
			isa = PBXResourcesBuildPhase;
			buildActionMask = 2147483647;
			files = (
				76853AF029B1F9F8009428DA /* Preview Assets.xcassets in Resources */,
				AF40513D2A0A360E00CFE604 /* GoogleService-Info.plist in Resources */,
				76BFE82629C069C4005B01E5 /* categories.json in Resources */,
				76853AED29B1F9F8009428DA /* Assets.xcassets in Resources */,
			);
			runOnlyForDeploymentPostprocessing = 0;
		};
		76853AF329B1F9F9009428DA /* Resources */ = {
			isa = PBXResourcesBuildPhase;
			buildActionMask = 2147483647;
			files = (
			);
			runOnlyForDeploymentPostprocessing = 0;
		};
		76853AFD29B1F9F9009428DA /* Resources */ = {
			isa = PBXResourcesBuildPhase;
			buildActionMask = 2147483647;
			files = (
			);
			runOnlyForDeploymentPostprocessing = 0;
		};
/* End PBXResourcesBuildPhase section */

/* Begin PBXSourcesBuildPhase section */
		76853AE129B1F9F8009428DA /* Sources */ = {
			isa = PBXSourcesBuildPhase;
			buildActionMask = 2147483647;
			files = (
				AF98867229CD3A8000F85EE4 /* BrandLogo.swift in Sources */,
				7617C22629F274AA00A25A78 /* ImagePicker.swift in Sources */,
				AF04E9052A025558002ED76D /* DefaultFirestorageRepository.swift in Sources */,
				764789942A064CD600B8F072 /* ReportView.swift in Sources */,
				AF6C036529D5A1380023FE23 /* FetchRecentGifticonQueriesUseCase.swift in Sources */,
				AF95C81A29B9D1B500FBC6E9 /* RegisterGifticonUseCase.swift in Sources */,
				AF6549F02A0A69D200BAF212 /* DeleteImageUseCase.swift in Sources */,
				AFA5EA0E29C6A3270041C1BD /* SettingView.swift in Sources */,
				AF7E181829B3201200BD3D61 /* UserInfo.swift in Sources */,
				76853AEB29B1F9F8009428DA /* ContentView.swift in Sources */,
				7687477729C57B0A00F6067D /* PaymentView.swift in Sources */,
				7609DD2929C8564200C9CCBB /* ExDivider.swift in Sources */,
				76BFE82B29C06CFF005B01E5 /* Category.swift in Sources */,
				AF7AE95E29D50ED400002135 /* CoreDataStorage.xcdatamodeld in Sources */,
				76BFE82129C06931005B01E5 /* GifticonRow.swift in Sources */,
				AF95C80E29B9C5BC00FBC6E9 /* APIClient.swift in Sources */,
				7687477529C32F6200F6067D /* PurchaseSheet.swift in Sources */,
				AFC0E8C629B9A23F004CD1E5 /* GifticonRepository.swift in Sources */,
				764789962A077E1500B8F072 /* ReportRepository.swift in Sources */,
				AFDFA32829C8239900D456FE /* CategoryIndicator.swift in Sources */,
				AFF8DC1A29C43A21003FB914 /* String+.swift in Sources */,
				AF04E9032A025527002ED76D /* FirestorageRepository.swift in Sources */,
				AFA5EA1229C6A6370041C1BD /* PersonalInfomation.swift in Sources */,
				AFF6EA1C29E0171A00C805C3 /* SearchBar.swift in Sources */,
				AF9BE08329E6919E008E7540 /* BrandSelectView.swift in Sources */,
				AF04E90E2A027BAF002ED76D /* RegisterImageUseCase.swift in Sources */,
				AFF8DC2229C44CE9003FB914 /* MainView.swift in Sources */,
				764789982A077E5100B8F072 /* Report.swift in Sources */,
				7647899D2A0784FE00B8F072 /* ReportViewModel.swift in Sources */,
				76311D6029D17F5B008555D5 /* FilterBar.swift in Sources */,
				AFA5EA1429C6CCF10041C1BD /* SaleGifticonList.swift in Sources */,
				AF7AE95B29D50EA900002135 /* CoreDataStorage.swift in Sources */,
				AFA5EA1029C6A5F20041C1BD /* AgreementOfUtilization.swift in Sources */,
				76BFE82029C06931005B01E5 /* GifticonItem.swift in Sources */,
				AF6C036329D59F8A0023FE23 /* SearchViewModel.swift in Sources */,
				AF95C81529B9D03B00FBC6E9 /* FetchAllGifticonsUseCase.swift in Sources */,
				AFF8DC2029C446DE003FB914 /* LoginViewModel.swift in Sources */,
				AF18058229BE077E00E181D2 /* FirebaseAuthService.swift in Sources */,
				76853AE929B1F9F8009428DA /* GifTogetherApp.swift in Sources */,
				76BFE81929C06931005B01E5 /* FavoriteView.swift in Sources */,
				AF95C81C29B9D2AB00FBC6E9 /* APIConfiguration.swift in Sources */,
				AFA48ACC29E406F10025DB61 /* SearchBrandUseCase.swift in Sources */,
				AFA5EA0C29C6999A0041C1BD /* MyPageViewModel.swift in Sources */,
				AF5A89A329DC3B8F004BDCBD /* DeleteAccountUseCase.swift in Sources */,
				AF00628729CAD49100727953 /* CategoryView.swift in Sources */,
				AF7AE96629D56B4000002135 /* CoreDataGifticonQueriesStorage.swift in Sources */,
				AFF8DC2429C453F5003FB914 /* DIContainer.swift in Sources */,
				76BFE81B29C06931005B01E5 /* SearchView.swift in Sources */,
				AFD2E84D29C01E120081CBA4 /* DefaultFirebaseAuthService.swift in Sources */,
				AF9BE08729E6A9F3008E7540 /* FetchGifticonUseCase.swift in Sources */,
				AFEC9E4C29F970690044BE56 /* VerifyCodeUseCase.swift in Sources */,
				AFDFA32629C8190E00D456FE /* CategoryList.swift in Sources */,
				762F648929F8FE14002C3401 /* NumberManager.swift in Sources */,
				AFAD7E0429C5F4BE0006DE3C /* NormalTextField.swift in Sources */,
				AFD2E85129C01E7D0081CBA4 /* CreateUserUseCase.swift in Sources */,
				7687476D29C30A7E00F6067D /* DetailView.swift in Sources */,
				76BFE81C29C06931005B01E5 /* BannerView.swift in Sources */,
				AF9BE08529E6919E008E7540 /* CategorySelectView.swift in Sources */,
				76BFE82229C06931005B01E5 /* CategoryRow.swift in Sources */,
				AF1ECBDF29D573B2005F635D /* GifticonQueryEntity+CoreDataProperties.swift in Sources */,
				AF95C81829B9D0AE00FBC6E9 /* Entity.swift in Sources */,
				AFF47B5D29F7FF0A008C4456 /* RequestVerificationCodeUseCase.swift in Sources */,
				76BFE81F29C06931005B01E5 /* HomeView.swift in Sources */,
				7687476F29C30A9800F6067D /* GifticonDetail.swift in Sources */,
				764F143729EE8AFB009E0B21 /* DeleteGifticonUseCase.swift in Sources */,
				AF211D4F29CC25D50024F5F4 /* Brand.swift in Sources */,
				AF1ECBDE29D573B2005F635D /* GifticonQueryEntity+CoreDataClass.swift in Sources */,
				AF7E181629B3137A00BD3D61 /* Gifticon.swift in Sources */,
				7609DD2329C843C000C9CCBB /* PaymentGifticon.swift in Sources */,
				7609DD2529C844C200C9CCBB /* PaymentPrice.swift in Sources */,
				AF95C80C29B9C45C00FBC6E9 /* API.swift in Sources */,
				AFA48ACA29E3F9FB0025DB61 /* DateManager.swift in Sources */,
				7609DD2729C8493100C9CCBB /* PaymentButton.swift in Sources */,
				AF9790F629C57AA5009AB08D /* ProfileRow.swift in Sources */,
				AFF8DC1529C427EA003FB914 /* LoginView.swift in Sources */,
				AF6C035C29D59AC80023FE23 /* GifticonQueriesRepository.swift in Sources */,
				76F1699F29DABF0C00A9923E /* HalfSheet.swift in Sources */,
				AF95C81229B9CFDC00FBC6E9 /* FirestoreRepository.swift in Sources */,
				762A506129E3E2AC00317450 /* UpdateGifticonUseCase.swift in Sources */,
				76817F1929DD825C0034232F /* UpdateUserInfoUseCase.swift in Sources */,
				AF9BE08429E6919E008E7540 /* GifticonRegisterView.swift in Sources */,
				AFAD7E0629C5F7310006DE3C /* PasswordTextField.swift in Sources */,
				AF7CFD2E29DACB3E006C9C1C /* DeleteAllGifticonQueriesUseCase.swift in Sources */,
				AFD0908129DB023C002A3CA6 /* View+.swift in Sources */,
				76BFE81E29C06931005B01E5 /* CategoryItem.swift in Sources */,
				AF95C81E29B9D31100FBC6E9 /* APIError.swift in Sources */,
				7647899A2A0781A100B8F072 /* CreateReportUseCase.swift in Sources */,
				AF6C035E29D59B680023FE23 /* DefaultGifticonQueriesRepository.swift in Sources */,
				76311D6429D17F92008555D5 /* GridView.swift in Sources */,
				76817F1729DC2C8B0034232F /* FavoriteViewModel.swift in Sources */,
				AF7AE96329D56A7A00002135 /* GifticonQuery.swift in Sources */,
				76311D6229D17F77008555D5 /* GridGifticon.swift in Sources */,
				76BFE81D29C06931005B01E5 /* HomeViewModel.swift in Sources */,
				AFD2E85329C0212D0081CBA4 /* UserInfoRepository.swift in Sources */,
				AFF8DC1729C43371003FB914 /* SignupView.swift in Sources */,
				AF556C6E29DEBFB7001FF7D6 /* ToastMessage.swift in Sources */,
				7691783F29D442600093CD95 /* GridGifticonItem.swift in Sources */,
				AF1ECBE229D57519005F635D /* GifticonQueryEntity+Mapping.swift in Sources */,
				AF6C036029D59C800023FE23 /* SearchGifticonUseCase.swift in Sources */,
				AFD2E84F29C01E520081CBA4 /* LoginUseCase.swift in Sources */,
				AF7AE96129D56A1700002135 /* GifticonQueriesStorage.swift in Sources */,
				76BFE81A29C06931005B01E5 /* ProfileView.swift in Sources */,
				AF9C26C629C0502F00AE1144 /* FetchUseInfoUseCase.swift in Sources */,
				7687477329C30C1100F6067D /* GifticonPurchase.swift in Sources */,
				AFF8DC2629C45F05003FB914 /* NormalButton.swift in Sources */,
				AFA5EA1629C6CED40041C1BD /* SaleItem.swift in Sources */,
			);
			runOnlyForDeploymentPostprocessing = 0;
		};
		76853AF129B1F9F9009428DA /* Sources */ = {
			isa = PBXSourcesBuildPhase;
			buildActionMask = 2147483647;
			files = (
				76853AFA29B1F9F9009428DA /* GifTogetherTests.swift in Sources */,
			);
			runOnlyForDeploymentPostprocessing = 0;
		};
		76853AFB29B1F9F9009428DA /* Sources */ = {
			isa = PBXSourcesBuildPhase;
			buildActionMask = 2147483647;
			files = (
				76853B0429B1F9F9009428DA /* GifTogetherUITests.swift in Sources */,
				76853B0629B1F9F9009428DA /* GifTogetherUITestsLaunchTests.swift in Sources */,
			);
			runOnlyForDeploymentPostprocessing = 0;
		};
/* End PBXSourcesBuildPhase section */

/* Begin PBXTargetDependency section */
		76853AF729B1F9F9009428DA /* PBXTargetDependency */ = {
			isa = PBXTargetDependency;
			target = 76853AE429B1F9F8009428DA /* GifTogether */;
			targetProxy = 76853AF629B1F9F9009428DA /* PBXContainerItemProxy */;
		};
		76853B0129B1F9F9009428DA /* PBXTargetDependency */ = {
			isa = PBXTargetDependency;
			target = 76853AE429B1F9F8009428DA /* GifTogether */;
			targetProxy = 76853B0029B1F9F9009428DA /* PBXContainerItemProxy */;
		};
/* End PBXTargetDependency section */

/* Begin XCBuildConfiguration section */
		76853B0729B1F9F9009428DA /* Debug */ = {
			isa = XCBuildConfiguration;
			buildSettings = {
				ALWAYS_SEARCH_USER_PATHS = NO;
				CLANG_ANALYZER_NONNULL = YES;
				CLANG_ANALYZER_NUMBER_OBJECT_CONVERSION = YES_AGGRESSIVE;
				CLANG_CXX_LANGUAGE_STANDARD = "gnu++20";
				CLANG_ENABLE_MODULES = YES;
				CLANG_ENABLE_OBJC_ARC = YES;
				CLANG_ENABLE_OBJC_WEAK = YES;
				CLANG_WARN_BLOCK_CAPTURE_AUTORELEASING = YES;
				CLANG_WARN_BOOL_CONVERSION = YES;
				CLANG_WARN_COMMA = YES;
				CLANG_WARN_CONSTANT_CONVERSION = YES;
				CLANG_WARN_DEPRECATED_OBJC_IMPLEMENTATIONS = YES;
				CLANG_WARN_DIRECT_OBJC_ISA_USAGE = YES_ERROR;
				CLANG_WARN_DOCUMENTATION_COMMENTS = YES;
				CLANG_WARN_EMPTY_BODY = YES;
				CLANG_WARN_ENUM_CONVERSION = YES;
				CLANG_WARN_INFINITE_RECURSION = YES;
				CLANG_WARN_INT_CONVERSION = YES;
				CLANG_WARN_NON_LITERAL_NULL_CONVERSION = YES;
				CLANG_WARN_OBJC_IMPLICIT_RETAIN_SELF = YES;
				CLANG_WARN_OBJC_LITERAL_CONVERSION = YES;
				CLANG_WARN_OBJC_ROOT_CLASS = YES_ERROR;
				CLANG_WARN_QUOTED_INCLUDE_IN_FRAMEWORK_HEADER = YES;
				CLANG_WARN_RANGE_LOOP_ANALYSIS = YES;
				CLANG_WARN_STRICT_PROTOTYPES = YES;
				CLANG_WARN_SUSPICIOUS_MOVE = YES;
				CLANG_WARN_UNGUARDED_AVAILABILITY = YES_AGGRESSIVE;
				CLANG_WARN_UNREACHABLE_CODE = YES;
				CLANG_WARN__DUPLICATE_METHOD_MATCH = YES;
				COPY_PHASE_STRIP = NO;
				DEBUG_INFORMATION_FORMAT = dwarf;
				ENABLE_STRICT_OBJC_MSGSEND = YES;
				ENABLE_TESTABILITY = YES;
				GCC_C_LANGUAGE_STANDARD = gnu11;
				GCC_DYNAMIC_NO_PIC = NO;
				GCC_NO_COMMON_BLOCKS = YES;
				GCC_OPTIMIZATION_LEVEL = 0;
				GCC_PREPROCESSOR_DEFINITIONS = (
					"DEBUG=1",
					"$(inherited)",
				);
				GCC_WARN_64_TO_32_BIT_CONVERSION = YES;
				GCC_WARN_ABOUT_RETURN_TYPE = YES_ERROR;
				GCC_WARN_UNDECLARED_SELECTOR = YES;
				GCC_WARN_UNINITIALIZED_AUTOS = YES_AGGRESSIVE;
				GCC_WARN_UNUSED_FUNCTION = YES;
				GCC_WARN_UNUSED_VARIABLE = YES;
				IPHONEOS_DEPLOYMENT_TARGET = 15.0;
				MTL_ENABLE_DEBUG_INFO = INCLUDE_SOURCE;
				MTL_FAST_MATH = YES;
				ONLY_ACTIVE_ARCH = YES;
				SDKROOT = iphoneos;
				SWIFT_ACTIVE_COMPILATION_CONDITIONS = DEBUG;
				SWIFT_OPTIMIZATION_LEVEL = "-Onone";
			};
			name = Debug;
		};
		76853B0829B1F9F9009428DA /* Release */ = {
			isa = XCBuildConfiguration;
			buildSettings = {
				ALWAYS_SEARCH_USER_PATHS = NO;
				CLANG_ANALYZER_NONNULL = YES;
				CLANG_ANALYZER_NUMBER_OBJECT_CONVERSION = YES_AGGRESSIVE;
				CLANG_CXX_LANGUAGE_STANDARD = "gnu++20";
				CLANG_ENABLE_MODULES = YES;
				CLANG_ENABLE_OBJC_ARC = YES;
				CLANG_ENABLE_OBJC_WEAK = YES;
				CLANG_WARN_BLOCK_CAPTURE_AUTORELEASING = YES;
				CLANG_WARN_BOOL_CONVERSION = YES;
				CLANG_WARN_COMMA = YES;
				CLANG_WARN_CONSTANT_CONVERSION = YES;
				CLANG_WARN_DEPRECATED_OBJC_IMPLEMENTATIONS = YES;
				CLANG_WARN_DIRECT_OBJC_ISA_USAGE = YES_ERROR;
				CLANG_WARN_DOCUMENTATION_COMMENTS = YES;
				CLANG_WARN_EMPTY_BODY = YES;
				CLANG_WARN_ENUM_CONVERSION = YES;
				CLANG_WARN_INFINITE_RECURSION = YES;
				CLANG_WARN_INT_CONVERSION = YES;
				CLANG_WARN_NON_LITERAL_NULL_CONVERSION = YES;
				CLANG_WARN_OBJC_IMPLICIT_RETAIN_SELF = YES;
				CLANG_WARN_OBJC_LITERAL_CONVERSION = YES;
				CLANG_WARN_OBJC_ROOT_CLASS = YES_ERROR;
				CLANG_WARN_QUOTED_INCLUDE_IN_FRAMEWORK_HEADER = YES;
				CLANG_WARN_RANGE_LOOP_ANALYSIS = YES;
				CLANG_WARN_STRICT_PROTOTYPES = YES;
				CLANG_WARN_SUSPICIOUS_MOVE = YES;
				CLANG_WARN_UNGUARDED_AVAILABILITY = YES_AGGRESSIVE;
				CLANG_WARN_UNREACHABLE_CODE = YES;
				CLANG_WARN__DUPLICATE_METHOD_MATCH = YES;
				COPY_PHASE_STRIP = NO;
				DEBUG_INFORMATION_FORMAT = "dwarf-with-dsym";
				ENABLE_NS_ASSERTIONS = NO;
				ENABLE_STRICT_OBJC_MSGSEND = YES;
				GCC_C_LANGUAGE_STANDARD = gnu11;
				GCC_NO_COMMON_BLOCKS = YES;
				GCC_WARN_64_TO_32_BIT_CONVERSION = YES;
				GCC_WARN_ABOUT_RETURN_TYPE = YES_ERROR;
				GCC_WARN_UNDECLARED_SELECTOR = YES;
				GCC_WARN_UNINITIALIZED_AUTOS = YES_AGGRESSIVE;
				GCC_WARN_UNUSED_FUNCTION = YES;
				GCC_WARN_UNUSED_VARIABLE = YES;
				IPHONEOS_DEPLOYMENT_TARGET = 15.0;
				MTL_ENABLE_DEBUG_INFO = NO;
				MTL_FAST_MATH = YES;
				SDKROOT = iphoneos;
				SWIFT_COMPILATION_MODE = wholemodule;
				SWIFT_OPTIMIZATION_LEVEL = "-O";
				VALIDATE_PRODUCT = YES;
			};
			name = Release;
		};
		76853B0A29B1F9F9009428DA /* Debug */ = {
			isa = XCBuildConfiguration;
			buildSettings = {
				ASSETCATALOG_COMPILER_APPICON_NAME = AppIcon;
				ASSETCATALOG_COMPILER_GLOBAL_ACCENT_COLOR_NAME = AccentColor;
				CODE_SIGN_ENTITLEMENTS = GifTogether/GifTogether.entitlements;
				CODE_SIGN_IDENTITY = "Apple Development";
				CODE_SIGN_STYLE = Automatic;
				CURRENT_PROJECT_VERSION = 1;
				DEVELOPMENT_ASSET_PATHS = "\"GifTogether/Preview Content\"";
				DEVELOPMENT_TEAM = SWPBG3YXG5;
				ENABLE_PREVIEWS = YES;
				GENERATE_INFOPLIST_FILE = YES;
				INFOPLIST_FILE = GifTogether/Info.plist;
				INFOPLIST_KEY_UIApplicationSceneManifest_Generation = YES;
				INFOPLIST_KEY_UIApplicationSupportsIndirectInputEvents = YES;
				INFOPLIST_KEY_UILaunchScreen_Generation = YES;
				INFOPLIST_KEY_UISupportedInterfaceOrientations_iPad = "UIInterfaceOrientationPortrait UIInterfaceOrientationPortraitUpsideDown UIInterfaceOrientationLandscapeLeft UIInterfaceOrientationLandscapeRight";
				INFOPLIST_KEY_UISupportedInterfaceOrientations_iPhone = "UIInterfaceOrientationPortrait UIInterfaceOrientationLandscapeLeft UIInterfaceOrientationLandscapeRight";
				IPHONEOS_DEPLOYMENT_TARGET = 15.0;
				LD_RUNPATH_SEARCH_PATHS = (
					"$(inherited)",
					"@executable_path/Frameworks",
				);
				MARKETING_VERSION = 1.0;
				PRODUCT_BUNDLE_IDENTIFIER = net.Wonf.GifTogether2;
				PRODUCT_NAME = "$(TARGET_NAME)";
				PROVISIONING_PROFILE_SPECIFIER = "";
				SWIFT_EMIT_LOC_STRINGS = YES;
				SWIFT_VERSION = 5.0;
				TARGETED_DEVICE_FAMILY = "1,2";
			};
			name = Debug;
		};
		76853B0B29B1F9F9009428DA /* Release */ = {
			isa = XCBuildConfiguration;
			buildSettings = {
				ASSETCATALOG_COMPILER_APPICON_NAME = AppIcon;
				ASSETCATALOG_COMPILER_GLOBAL_ACCENT_COLOR_NAME = AccentColor;
				CODE_SIGN_ENTITLEMENTS = GifTogether/GifTogether.entitlements;
				CODE_SIGN_IDENTITY = "Apple Development";
				CODE_SIGN_STYLE = Automatic;
				CURRENT_PROJECT_VERSION = 1;
				DEVELOPMENT_ASSET_PATHS = "\"GifTogether/Preview Content\"";
				DEVELOPMENT_TEAM = SWPBG3YXG5;
				ENABLE_PREVIEWS = YES;
				GENERATE_INFOPLIST_FILE = YES;
				INFOPLIST_FILE = GifTogether/Info.plist;
				INFOPLIST_KEY_UIApplicationSceneManifest_Generation = YES;
				INFOPLIST_KEY_UIApplicationSupportsIndirectInputEvents = YES;
				INFOPLIST_KEY_UILaunchScreen_Generation = YES;
				INFOPLIST_KEY_UISupportedInterfaceOrientations_iPad = "UIInterfaceOrientationPortrait UIInterfaceOrientationPortraitUpsideDown UIInterfaceOrientationLandscapeLeft UIInterfaceOrientationLandscapeRight";
				INFOPLIST_KEY_UISupportedInterfaceOrientations_iPhone = "UIInterfaceOrientationPortrait UIInterfaceOrientationLandscapeLeft UIInterfaceOrientationLandscapeRight";
				IPHONEOS_DEPLOYMENT_TARGET = 15.0;
				LD_RUNPATH_SEARCH_PATHS = (
					"$(inherited)",
					"@executable_path/Frameworks",
				);
				MARKETING_VERSION = 1.0;
				PRODUCT_BUNDLE_IDENTIFIER = net.Wonf.GifTogether2;
				PRODUCT_NAME = "$(TARGET_NAME)";
				PROVISIONING_PROFILE_SPECIFIER = "";
				SWIFT_EMIT_LOC_STRINGS = YES;
				SWIFT_VERSION = 5.0;
				TARGETED_DEVICE_FAMILY = "1,2";
			};
			name = Release;
		};
		76853B0D29B1F9F9009428DA /* Debug */ = {
			isa = XCBuildConfiguration;
			buildSettings = {
				ALWAYS_EMBED_SWIFT_STANDARD_LIBRARIES = YES;
				BUNDLE_LOADER = "$(TEST_HOST)";
				CODE_SIGN_STYLE = Automatic;
				CURRENT_PROJECT_VERSION = 1;
				DEVELOPMENT_TEAM = "";
				GENERATE_INFOPLIST_FILE = YES;
				IPHONEOS_DEPLOYMENT_TARGET = 15.0;
				MARKETING_VERSION = 1.0;
				PRODUCT_BUNDLE_IDENTIFIER = net.Wonf.GifTogether.GifTogetherTests;
				PRODUCT_NAME = "$(TARGET_NAME)";
				SWIFT_EMIT_LOC_STRINGS = NO;
				SWIFT_VERSION = 5.0;
				TARGETED_DEVICE_FAMILY = "1,2";
				TEST_HOST = "$(BUILT_PRODUCTS_DIR)/GifTogether.app/$(BUNDLE_EXECUTABLE_FOLDER_PATH)/GifTogether";
			};
			name = Debug;
		};
		76853B0E29B1F9F9009428DA /* Release */ = {
			isa = XCBuildConfiguration;
			buildSettings = {
				ALWAYS_EMBED_SWIFT_STANDARD_LIBRARIES = YES;
				BUNDLE_LOADER = "$(TEST_HOST)";
				CODE_SIGN_STYLE = Automatic;
				CURRENT_PROJECT_VERSION = 1;
				DEVELOPMENT_TEAM = "";
				GENERATE_INFOPLIST_FILE = YES;
				IPHONEOS_DEPLOYMENT_TARGET = 15.0;
				MARKETING_VERSION = 1.0;
				PRODUCT_BUNDLE_IDENTIFIER = net.Wonf.GifTogether.GifTogetherTests;
				PRODUCT_NAME = "$(TARGET_NAME)";
				SWIFT_EMIT_LOC_STRINGS = NO;
				SWIFT_VERSION = 5.0;
				TARGETED_DEVICE_FAMILY = "1,2";
				TEST_HOST = "$(BUILT_PRODUCTS_DIR)/GifTogether.app/$(BUNDLE_EXECUTABLE_FOLDER_PATH)/GifTogether";
			};
			name = Release;
		};
		76853B1029B1F9F9009428DA /* Debug */ = {
			isa = XCBuildConfiguration;
			buildSettings = {
				ALWAYS_EMBED_SWIFT_STANDARD_LIBRARIES = YES;
				CODE_SIGN_STYLE = Automatic;
				CURRENT_PROJECT_VERSION = 1;
				GENERATE_INFOPLIST_FILE = YES;
				MARKETING_VERSION = 1.0;
				PRODUCT_BUNDLE_IDENTIFIER = net.Wonf.GifTogether.GifTogetherUITests;
				PRODUCT_NAME = "$(TARGET_NAME)";
				SWIFT_EMIT_LOC_STRINGS = NO;
				SWIFT_VERSION = 5.0;
				TARGETED_DEVICE_FAMILY = "1,2";
				TEST_TARGET_NAME = GifTogether;
			};
			name = Debug;
		};
		76853B1129B1F9F9009428DA /* Release */ = {
			isa = XCBuildConfiguration;
			buildSettings = {
				ALWAYS_EMBED_SWIFT_STANDARD_LIBRARIES = YES;
				CODE_SIGN_STYLE = Automatic;
				CURRENT_PROJECT_VERSION = 1;
				GENERATE_INFOPLIST_FILE = YES;
				MARKETING_VERSION = 1.0;
				PRODUCT_BUNDLE_IDENTIFIER = net.Wonf.GifTogether.GifTogetherUITests;
				PRODUCT_NAME = "$(TARGET_NAME)";
				SWIFT_EMIT_LOC_STRINGS = NO;
				SWIFT_VERSION = 5.0;
				TARGETED_DEVICE_FAMILY = "1,2";
				TEST_TARGET_NAME = GifTogether;
			};
			name = Release;
		};
/* End XCBuildConfiguration section */

/* Begin XCConfigurationList section */
		76853AE029B1F9F8009428DA /* Build configuration list for PBXProject "GifTogether" */ = {
			isa = XCConfigurationList;
			buildConfigurations = (
				76853B0729B1F9F9009428DA /* Debug */,
				76853B0829B1F9F9009428DA /* Release */,
			);
			defaultConfigurationIsVisible = 0;
			defaultConfigurationName = Release;
		};
		76853B0929B1F9F9009428DA /* Build configuration list for PBXNativeTarget "GifTogether" */ = {
			isa = XCConfigurationList;
			buildConfigurations = (
				76853B0A29B1F9F9009428DA /* Debug */,
				76853B0B29B1F9F9009428DA /* Release */,
			);
			defaultConfigurationIsVisible = 0;
			defaultConfigurationName = Release;
		};
		76853B0C29B1F9F9009428DA /* Build configuration list for PBXNativeTarget "GifTogetherTests" */ = {
			isa = XCConfigurationList;
			buildConfigurations = (
				76853B0D29B1F9F9009428DA /* Debug */,
				76853B0E29B1F9F9009428DA /* Release */,
			);
			defaultConfigurationIsVisible = 0;
			defaultConfigurationName = Release;
		};
		76853B0F29B1F9F9009428DA /* Build configuration list for PBXNativeTarget "GifTogetherUITests" */ = {
			isa = XCConfigurationList;
			buildConfigurations = (
				76853B1029B1F9F9009428DA /* Debug */,
				76853B1129B1F9F9009428DA /* Release */,
			);
			defaultConfigurationIsVisible = 0;
			defaultConfigurationName = Release;
		};
/* End XCConfigurationList section */

/* Begin XCRemoteSwiftPackageReference section */
		AF04E9062A02596E002ED76D /* XCRemoteSwiftPackageReference "firebase-ios-sdk" */ = {
			isa = XCRemoteSwiftPackageReference;
			repositoryURL = "https://github.com/firebase/firebase-ios-sdk";
			requirement = {
				branch = master;
				kind = branch;
			};
		};
/* End XCRemoteSwiftPackageReference section */

/* Begin XCSwiftPackageProductDependency section */
		AF04E9072A02596E002ED76D /* FirebaseAuth */ = {
			isa = XCSwiftPackageProductDependency;
			package = AF04E9062A02596E002ED76D /* XCRemoteSwiftPackageReference "firebase-ios-sdk" */;
			productName = FirebaseAuth;
		};
		AF04E9092A02596E002ED76D /* FirebaseFirestore */ = {
			isa = XCSwiftPackageProductDependency;
			package = AF04E9062A02596E002ED76D /* XCRemoteSwiftPackageReference "firebase-ios-sdk" */;
			productName = FirebaseFirestore;
		};
		AF04E90B2A02596E002ED76D /* FirebaseStorage */ = {
			isa = XCSwiftPackageProductDependency;
			package = AF04E9062A02596E002ED76D /* XCRemoteSwiftPackageReference "firebase-ios-sdk" */;
			productName = FirebaseStorage;
		};
/* End XCSwiftPackageProductDependency section */

/* Begin XCVersionGroup section */
		AF7AE95C29D50ED400002135 /* CoreDataStorage.xcdatamodeld */ = {
			isa = XCVersionGroup;
			children = (
				AF7AE95D29D50ED400002135 /* CoreDataStorage.xcdatamodel */,
			);
			currentVersion = AF7AE95D29D50ED400002135 /* CoreDataStorage.xcdatamodel */;
			path = CoreDataStorage.xcdatamodeld;
			sourceTree = "<group>";
			versionGroupType = wrapper.xcdatamodel;
		};
/* End XCVersionGroup section */
	};
	rootObject = 76853ADD29B1F9F8009428DA /* Project object */;
}
