// !$*UTF8*$!
{
	archiveVersion = 1;
	classes = {
	};
	objectVersion = 56;
	objects = {

/* Begin PBXBuildFile section */
		76853AE929B1F9F8009428DA /* GifTogetherApp.swift in Sources */ = {isa = PBXBuildFile; fileRef = 76853AE829B1F9F8009428DA /* GifTogetherApp.swift */; };
		76853AEB29B1F9F8009428DA /* ContentView.swift in Sources */ = {isa = PBXBuildFile; fileRef = 76853AEA29B1F9F8009428DA /* ContentView.swift */; };
		76853AED29B1F9F8009428DA /* Assets.xcassets in Resources */ = {isa = PBXBuildFile; fileRef = 76853AEC29B1F9F8009428DA /* Assets.xcassets */; };
		76853AF029B1F9F8009428DA /* Preview Assets.xcassets in Resources */ = {isa = PBXBuildFile; fileRef = 76853AEF29B1F9F8009428DA /* Preview Assets.xcassets */; };
		76853AFA29B1F9F9009428DA /* GifTogetherTests.swift in Sources */ = {isa = PBXBuildFile; fileRef = 76853AF929B1F9F9009428DA /* GifTogetherTests.swift */; };
		76853B0429B1F9F9009428DA /* GifTogetherUITests.swift in Sources */ = {isa = PBXBuildFile; fileRef = 76853B0329B1F9F9009428DA /* GifTogetherUITests.swift */; };
		76853B0629B1F9F9009428DA /* GifTogetherUITestsLaunchTests.swift in Sources */ = {isa = PBXBuildFile; fileRef = 76853B0529B1F9F9009428DA /* GifTogetherUITestsLaunchTests.swift */; };
		AF18058229BE077E00E181D2 /* FirebaseAuthService.swift in Sources */ = {isa = PBXBuildFile; fileRef = AF18058129BE077E00E181D2 /* FirebaseAuthService.swift */; };
		AF480EE029BDF333000AEC8D /* FirebaseFirestore in Frameworks */ = {isa = PBXBuildFile; productRef = AF480EDF29BDF333000AEC8D /* FirebaseFirestore */; };
		AF7D02EF29BB085500878A91 /* FirebaseAuth in Frameworks */ = {isa = PBXBuildFile; productRef = AF7D02EE29BB085500878A91 /* FirebaseAuth */; };
		AF7D02F129BB085500878A91 /* FirebaseFirestore in Frameworks */ = {isa = PBXBuildFile; productRef = AF7D02F029BB085500878A91 /* FirebaseFirestore */; };
		AF7D02F329BB220600878A91 /* GoogleService-Info.plist in Resources */ = {isa = PBXBuildFile; fileRef = AF7D02F229BB220600878A91 /* GoogleService-Info.plist */; };
		AF7E181629B3137A00BD3D61 /* Gifticon.swift in Sources */ = {isa = PBXBuildFile; fileRef = AF7E181529B3137A00BD3D61 /* Gifticon.swift */; };
		AF7E181829B3201200BD3D61 /* UserInfo.swift in Sources */ = {isa = PBXBuildFile; fileRef = AF7E181729B3201200BD3D61 /* UserInfo.swift */; };
		AF95C80C29B9C45C00FBC6E9 /* API.swift in Sources */ = {isa = PBXBuildFile; fileRef = AF95C80B29B9C45C00FBC6E9 /* API.swift */; };
		AF95C80E29B9C5BC00FBC6E9 /* APIClient.swift in Sources */ = {isa = PBXBuildFile; fileRef = AF95C80D29B9C5BC00FBC6E9 /* APIClient.swift */; };
		AF95C81229B9CFDC00FBC6E9 /* FirestoreRepository.swift in Sources */ = {isa = PBXBuildFile; fileRef = AF95C81129B9CFDC00FBC6E9 /* FirestoreRepository.swift */; };
		AF95C81529B9D03B00FBC6E9 /* SearchGifticonListUseCase.swift in Sources */ = {isa = PBXBuildFile; fileRef = AF95C81429B9D03B00FBC6E9 /* SearchGifticonListUseCase.swift */; };
		AF95C81829B9D0AE00FBC6E9 /* Entity.swift in Sources */ = {isa = PBXBuildFile; fileRef = AF95C81729B9D0AE00FBC6E9 /* Entity.swift */; };
		AF95C81A29B9D1B500FBC6E9 /* RegisterGifticonUseCase.swift in Sources */ = {isa = PBXBuildFile; fileRef = AF95C81929B9D1B500FBC6E9 /* RegisterGifticonUseCase.swift */; };
		AF95C81C29B9D2AB00FBC6E9 /* APIConfiguration.swift in Sources */ = {isa = PBXBuildFile; fileRef = AF95C81B29B9D2AB00FBC6E9 /* APIConfiguration.swift */; };
		AF95C81E29B9D31100FBC6E9 /* APIError.swift in Sources */ = {isa = PBXBuildFile; fileRef = AF95C81D29B9D31100FBC6E9 /* APIError.swift */; };
		AF9C26C629C0502F00AE1144 /* FetchUseInfoUseCase.swift in Sources */ = {isa = PBXBuildFile; fileRef = AF9C26C529C0502F00AE1144 /* FetchUseInfoUseCase.swift */; };
		AFC0E8C629B9A23F004CD1E5 /* GifticonRepository.swift in Sources */ = {isa = PBXBuildFile; fileRef = AFC0E8C529B9A23F004CD1E5 /* GifticonRepository.swift */; };
		AFD2E84D29C01E120081CBA4 /* DefaultFirebaseAuthService.swift in Sources */ = {isa = PBXBuildFile; fileRef = AFD2E84C29C01E120081CBA4 /* DefaultFirebaseAuthService.swift */; };
		AFD2E84F29C01E520081CBA4 /* LoginUseCase.swift in Sources */ = {isa = PBXBuildFile; fileRef = AFD2E84E29C01E520081CBA4 /* LoginUseCase.swift */; };
		AFD2E85129C01E7D0081CBA4 /* CreateUserUseCase.swift in Sources */ = {isa = PBXBuildFile; fileRef = AFD2E85029C01E7D0081CBA4 /* CreateUserUseCase.swift */; };
		AFD2E85329C0212D0081CBA4 /* UserInfoRepository.swift in Sources */ = {isa = PBXBuildFile; fileRef = AFD2E85229C0212D0081CBA4 /* UserInfoRepository.swift */; };
/* End PBXBuildFile section */

/* Begin PBXContainerItemProxy section */
		76853AF629B1F9F9009428DA /* PBXContainerItemProxy */ = {
			isa = PBXContainerItemProxy;
			containerPortal = 76853ADD29B1F9F8009428DA /* Project object */;
			proxyType = 1;
			remoteGlobalIDString = 76853AE429B1F9F8009428DA;
			remoteInfo = GifTogether;
		};
		76853B0029B1F9F9009428DA /* PBXContainerItemProxy */ = {
			isa = PBXContainerItemProxy;
			containerPortal = 76853ADD29B1F9F8009428DA /* Project object */;
			proxyType = 1;
			remoteGlobalIDString = 76853AE429B1F9F8009428DA;
			remoteInfo = GifTogether;
		};
/* End PBXContainerItemProxy section */

/* Begin PBXFileReference section */
		76853AE529B1F9F8009428DA /* GifTogether.app */ = {isa = PBXFileReference; explicitFileType = wrapper.application; includeInIndex = 0; path = GifTogether.app; sourceTree = BUILT_PRODUCTS_DIR; };
		76853AE829B1F9F8009428DA /* GifTogetherApp.swift */ = {isa = PBXFileReference; lastKnownFileType = sourcecode.swift; path = GifTogetherApp.swift; sourceTree = "<group>"; };
		76853AEA29B1F9F8009428DA /* ContentView.swift */ = {isa = PBXFileReference; lastKnownFileType = sourcecode.swift; path = ContentView.swift; sourceTree = "<group>"; };
		76853AEC29B1F9F8009428DA /* Assets.xcassets */ = {isa = PBXFileReference; lastKnownFileType = folder.assetcatalog; path = Assets.xcassets; sourceTree = "<group>"; };
		76853AEF29B1F9F8009428DA /* Preview Assets.xcassets */ = {isa = PBXFileReference; lastKnownFileType = folder.assetcatalog; path = "Preview Assets.xcassets"; sourceTree = "<group>"; };
		76853AF529B1F9F9009428DA /* GifTogetherTests.xctest */ = {isa = PBXFileReference; explicitFileType = wrapper.cfbundle; includeInIndex = 0; path = GifTogetherTests.xctest; sourceTree = BUILT_PRODUCTS_DIR; };
		76853AF929B1F9F9009428DA /* GifTogetherTests.swift */ = {isa = PBXFileReference; lastKnownFileType = sourcecode.swift; path = GifTogetherTests.swift; sourceTree = "<group>"; };
		76853AFF29B1F9F9009428DA /* GifTogetherUITests.xctest */ = {isa = PBXFileReference; explicitFileType = wrapper.cfbundle; includeInIndex = 0; path = GifTogetherUITests.xctest; sourceTree = BUILT_PRODUCTS_DIR; };
		76853B0329B1F9F9009428DA /* GifTogetherUITests.swift */ = {isa = PBXFileReference; lastKnownFileType = sourcecode.swift; path = GifTogetherUITests.swift; sourceTree = "<group>"; };
		76853B0529B1F9F9009428DA /* GifTogetherUITestsLaunchTests.swift */ = {isa = PBXFileReference; lastKnownFileType = sourcecode.swift; path = GifTogetherUITestsLaunchTests.swift; sourceTree = "<group>"; };
		AF18058129BE077E00E181D2 /* FirebaseAuthService.swift */ = {isa = PBXFileReference; lastKnownFileType = sourcecode.swift; path = FirebaseAuthService.swift; sourceTree = "<group>"; };
		AF7D02F229BB220600878A91 /* GoogleService-Info.plist */ = {isa = PBXFileReference; lastKnownFileType = text.plist; path = "GoogleService-Info.plist"; sourceTree = SOURCE_ROOT; };
		AF7E181529B3137A00BD3D61 /* Gifticon.swift */ = {isa = PBXFileReference; lastKnownFileType = sourcecode.swift; path = Gifticon.swift; sourceTree = "<group>"; };
		AF7E181729B3201200BD3D61 /* UserInfo.swift */ = {isa = PBXFileReference; lastKnownFileType = sourcecode.swift; path = UserInfo.swift; sourceTree = "<group>"; };
		AF95C80B29B9C45C00FBC6E9 /* API.swift */ = {isa = PBXFileReference; lastKnownFileType = sourcecode.swift; path = API.swift; sourceTree = "<group>"; };
		AF95C80D29B9C5BC00FBC6E9 /* APIClient.swift */ = {isa = PBXFileReference; lastKnownFileType = sourcecode.swift; path = APIClient.swift; sourceTree = "<group>"; };
		AF95C81129B9CFDC00FBC6E9 /* FirestoreRepository.swift */ = {isa = PBXFileReference; lastKnownFileType = sourcecode.swift; path = FirestoreRepository.swift; sourceTree = "<group>"; };
		AF95C81429B9D03B00FBC6E9 /* SearchGifticonListUseCase.swift */ = {isa = PBXFileReference; lastKnownFileType = sourcecode.swift; path = SearchGifticonListUseCase.swift; sourceTree = "<group>"; };
		AF95C81729B9D0AE00FBC6E9 /* Entity.swift */ = {isa = PBXFileReference; lastKnownFileType = sourcecode.swift; path = Entity.swift; sourceTree = "<group>"; };
		AF95C81929B9D1B500FBC6E9 /* RegisterGifticonUseCase.swift */ = {isa = PBXFileReference; lastKnownFileType = sourcecode.swift; path = RegisterGifticonUseCase.swift; sourceTree = "<group>"; };
		AF95C81B29B9D2AB00FBC6E9 /* APIConfiguration.swift */ = {isa = PBXFileReference; lastKnownFileType = sourcecode.swift; path = APIConfiguration.swift; sourceTree = "<group>"; };
		AF95C81D29B9D31100FBC6E9 /* APIError.swift */ = {isa = PBXFileReference; lastKnownFileType = sourcecode.swift; path = APIError.swift; sourceTree = "<group>"; };
		AF9C26C529C0502F00AE1144 /* FetchUseInfoUseCase.swift */ = {isa = PBXFileReference; lastKnownFileType = sourcecode.swift; path = FetchUseInfoUseCase.swift; sourceTree = "<group>"; };
		AFC0E8C529B9A23F004CD1E5 /* GifticonRepository.swift */ = {isa = PBXFileReference; lastKnownFileType = sourcecode.swift; path = GifticonRepository.swift; sourceTree = "<group>"; };
		AFD2E84C29C01E120081CBA4 /* DefaultFirebaseAuthService.swift */ = {isa = PBXFileReference; lastKnownFileType = sourcecode.swift; path = DefaultFirebaseAuthService.swift; sourceTree = "<group>"; };
		AFD2E84E29C01E520081CBA4 /* LoginUseCase.swift */ = {isa = PBXFileReference; lastKnownFileType = sourcecode.swift; path = LoginUseCase.swift; sourceTree = "<group>"; };
		AFD2E85029C01E7D0081CBA4 /* CreateUserUseCase.swift */ = {isa = PBXFileReference; lastKnownFileType = sourcecode.swift; path = CreateUserUseCase.swift; sourceTree = "<group>"; };
		AFD2E85229C0212D0081CBA4 /* UserInfoRepository.swift */ = {isa = PBXFileReference; lastKnownFileType = sourcecode.swift; path = UserInfoRepository.swift; sourceTree = "<group>"; };
/* End PBXFileReference section */

/* Begin PBXFrameworksBuildPhase section */
		76853AE229B1F9F8009428DA /* Frameworks */ = {
			isa = PBXFrameworksBuildPhase;
			buildActionMask = 2147483647;
			files = (
				AF7D02EF29BB085500878A91 /* FirebaseAuth in Frameworks */,
				AF7D02F129BB085500878A91 /* FirebaseFirestore in Frameworks */,
			);
			runOnlyForDeploymentPostprocessing = 0;
		};
		76853AF229B1F9F9009428DA /* Frameworks */ = {
			isa = PBXFrameworksBuildPhase;
			buildActionMask = 2147483647;
			files = (
				AF480EE029BDF333000AEC8D /* FirebaseFirestore in Frameworks */,
			);
			runOnlyForDeploymentPostprocessing = 0;
		};
		76853AFC29B1F9F9009428DA /* Frameworks */ = {
			isa = PBXFrameworksBuildPhase;
			buildActionMask = 2147483647;
			files = (
			);
			runOnlyForDeploymentPostprocessing = 0;
		};
/* End PBXFrameworksBuildPhase section */

/* Begin PBXGroup section */
		76853ADC29B1F9F8009428DA = {
			isa = PBXGroup;
			children = (
				76853AE729B1F9F8009428DA /* GifTogether */,
				76853AF829B1F9F9009428DA /* GifTogetherTests */,
				76853B0229B1F9F9009428DA /* GifTogetherUITests */,
				76853AE629B1F9F8009428DA /* Products */,
				AF480EDE29BDF333000AEC8D /* Frameworks */,
			);
			sourceTree = "<group>";
		};
		76853AE629B1F9F8009428DA /* Products */ = {
			isa = PBXGroup;
			children = (
				76853AE529B1F9F8009428DA /* GifTogether.app */,
				76853AF529B1F9F9009428DA /* GifTogetherTests.xctest */,
				76853AFF29B1F9F9009428DA /* GifTogetherUITests.xctest */,
			);
			name = Products;
			sourceTree = "<group>";
		};
		76853AE729B1F9F8009428DA /* GifTogether */ = {
			isa = PBXGroup;
			children = (
				AF7D02F229BB220600878A91 /* GoogleService-Info.plist */,
				76853AE829B1F9F8009428DA /* GifTogetherApp.swift */,
				AFC0E8C329B9A20F004CD1E5 /* View */,
				AFC0E8C229B9A1F5004CD1E5 /* Domain */,
				AFC0E8C429B9A227004CD1E5 /* Data */,
				AFC0E8C729B9AA9B004CD1E5 /* Infrastructure */,
				76853AEC29B1F9F8009428DA /* Assets.xcassets */,
				76853AEE29B1F9F8009428DA /* Preview Content */,
			);
			path = GifTogether;
			sourceTree = "<group>";
		};
		76853AEE29B1F9F8009428DA /* Preview Content */ = {
			isa = PBXGroup;
			children = (
				76853AEF29B1F9F8009428DA /* Preview Assets.xcassets */,
			);
			path = "Preview Content";
			sourceTree = "<group>";
		};
		76853AF829B1F9F9009428DA /* GifTogetherTests */ = {
			isa = PBXGroup;
			children = (
				76853AF929B1F9F9009428DA /* GifTogetherTests.swift */,
			);
			path = GifTogetherTests;
			sourceTree = "<group>";
		};
		76853B0229B1F9F9009428DA /* GifTogetherUITests */ = {
			isa = PBXGroup;
			children = (
				76853B0329B1F9F9009428DA /* GifTogetherUITests.swift */,
				76853B0529B1F9F9009428DA /* GifTogetherUITestsLaunchTests.swift */,
			);
			path = GifTogetherUITests;
			sourceTree = "<group>";
		};
		AF480EDE29BDF333000AEC8D /* Frameworks */ = {
			isa = PBXGroup;
			children = (
			);
			name = Frameworks;
			sourceTree = "<group>";
		};
		AF7E181429B3136700BD3D61 /* Entities */ = {
			isa = PBXGroup;
			children = (
				AF95C81629B9D0A700FBC6E9 /* Contract */,
				AF7E181529B3137A00BD3D61 /* Gifticon.swift */,
				AF7E181729B3201200BD3D61 /* UserInfo.swift */,
			);
			path = Entities;
			sourceTree = "<group>";
		};
		AF95C80F29B9CFC000FBC6E9 /* Repositories */ = {
			isa = PBXGroup;
			children = (
				AFC0E8C529B9A23F004CD1E5 /* GifticonRepository.swift */,
				AFD2E85229C0212D0081CBA4 /* UserInfoRepository.swift */,
			);
			path = Repositories;
			sourceTree = "<group>";
		};
		AF95C81029B9CFCA00FBC6E9 /* Interface */ = {
			isa = PBXGroup;
			children = (
				AF95C81129B9CFDC00FBC6E9 /* FirestoreRepository.swift */,
				AF18058129BE077E00E181D2 /* FirebaseAuthService.swift */,
			);
			path = Interface;
			sourceTree = "<group>";
		};
		AF95C81329B9D01A00FBC6E9 /* UseCases */ = {
			isa = PBXGroup;
			children = (
				AFD2E84E29C01E520081CBA4 /* LoginUseCase.swift */,
				AFD2E85029C01E7D0081CBA4 /* CreateUserUseCase.swift */,
				AF9C26C529C0502F00AE1144 /* FetchUseInfoUseCase.swift */,
				AF95C81429B9D03B00FBC6E9 /* SearchGifticonListUseCase.swift */,
				AF95C81929B9D1B500FBC6E9 /* RegisterGifticonUseCase.swift */,
			);
			path = UseCases;
			sourceTree = "<group>";
		};
		AF95C81629B9D0A700FBC6E9 /* Contract */ = {
			isa = PBXGroup;
			children = (
				AF95C81729B9D0AE00FBC6E9 /* Entity.swift */,
			);
			path = Contract;
			sourceTree = "<group>";
		};
		AFC0E8C229B9A1F5004CD1E5 /* Domain */ = {
			isa = PBXGroup;
			children = (
				AF7E181429B3136700BD3D61 /* Entities */,
				AF95C81329B9D01A00FBC6E9 /* UseCases */,
				AF95C81029B9CFCA00FBC6E9 /* Interface */,
			);
			path = Domain;
			sourceTree = "<group>";
		};
		AFC0E8C329B9A20F004CD1E5 /* View */ = {
			isa = PBXGroup;
			children = (
				76853AEA29B1F9F8009428DA /* ContentView.swift */,
			);
			path = View;
			sourceTree = "<group>";
		};
		AFC0E8C429B9A227004CD1E5 /* Data */ = {
			isa = PBXGroup;
			children = (
				AFD2E84B29C01E040081CBA4 /* Service */,
				AF95C80F29B9CFC000FBC6E9 /* Repositories */,
			);
			path = Data;
			sourceTree = "<group>";
		};
		AFC0E8C729B9AA9B004CD1E5 /* Infrastructure */ = {
			isa = PBXGroup;
			children = (
				AFC0E8C929B9ADD2004CD1E5 /* Network */,
			);
			path = Infrastructure;
			sourceTree = "<group>";
		};
		AFC0E8C929B9ADD2004CD1E5 /* Network */ = {
			isa = PBXGroup;
			children = (
				AF95C80B29B9C45C00FBC6E9 /* API.swift */,
				AF95C80D29B9C5BC00FBC6E9 /* APIClient.swift */,
				AF95C81B29B9D2AB00FBC6E9 /* APIConfiguration.swift */,
				AF95C81D29B9D31100FBC6E9 /* APIError.swift */,
			);
			path = Network;
			sourceTree = "<group>";
		};
		AFD2E84B29C01E040081CBA4 /* Service */ = {
			isa = PBXGroup;
			children = (
				AFD2E84C29C01E120081CBA4 /* DefaultFirebaseAuthService.swift */,
			);
			path = Service;
			sourceTree = "<group>";
		};
/* End PBXGroup section */

/* Begin PBXNativeTarget section */
		76853AE429B1F9F8009428DA /* GifTogether */ = {
			isa = PBXNativeTarget;
			buildConfigurationList = 76853B0929B1F9F9009428DA /* Build configuration list for PBXNativeTarget "GifTogether" */;
			buildPhases = (
				76853AE129B1F9F8009428DA /* Sources */,
				76853AE229B1F9F8009428DA /* Frameworks */,
				76853AE329B1F9F8009428DA /* Resources */,
			);
			buildRules = (
			);
			dependencies = (
			);
			name = GifTogether;
			packageProductDependencies = (
				AF7D02EE29BB085500878A91 /* FirebaseAuth */,
				AF7D02F029BB085500878A91 /* FirebaseFirestore */,
			);
			productName = GifTogether;
			productReference = 76853AE529B1F9F8009428DA /* GifTogether.app */;
			productType = "com.apple.product-type.application";
		};
		76853AF429B1F9F9009428DA /* GifTogetherTests */ = {
			isa = PBXNativeTarget;
			buildConfigurationList = 76853B0C29B1F9F9009428DA /* Build configuration list for PBXNativeTarget "GifTogetherTests" */;
			buildPhases = (
				76853AF129B1F9F9009428DA /* Sources */,
				76853AF229B1F9F9009428DA /* Frameworks */,
				76853AF329B1F9F9009428DA /* Resources */,
			);
			buildRules = (
			);
			dependencies = (
				76853AF729B1F9F9009428DA /* PBXTargetDependency */,
			);
			name = GifTogetherTests;
			packageProductDependencies = (
				AF480EDF29BDF333000AEC8D /* FirebaseFirestore */,
			);
			productName = GifTogetherTests;
			productReference = 76853AF529B1F9F9009428DA /* GifTogetherTests.xctest */;
			productType = "com.apple.product-type.bundle.unit-test";
		};
		76853AFE29B1F9F9009428DA /* GifTogetherUITests */ = {
			isa = PBXNativeTarget;
			buildConfigurationList = 76853B0F29B1F9F9009428DA /* Build configuration list for PBXNativeTarget "GifTogetherUITests" */;
			buildPhases = (
				76853AFB29B1F9F9009428DA /* Sources */,
				76853AFC29B1F9F9009428DA /* Frameworks */,
				76853AFD29B1F9F9009428DA /* Resources */,
			);
			buildRules = (
			);
			dependencies = (
				76853B0129B1F9F9009428DA /* PBXTargetDependency */,
			);
			name = GifTogetherUITests;
			productName = GifTogetherUITests;
			productReference = 76853AFF29B1F9F9009428DA /* GifTogetherUITests.xctest */;
			productType = "com.apple.product-type.bundle.ui-testing";
		};
/* End PBXNativeTarget section */

/* Begin PBXProject section */
		76853ADD29B1F9F8009428DA /* Project object */ = {
			isa = PBXProject;
			attributes = {
				BuildIndependentTargetsInParallel = 1;
				LastSwiftUpdateCheck = 1420;
				LastUpgradeCheck = 1420;
				TargetAttributes = {
					76853AE429B1F9F8009428DA = {
						CreatedOnToolsVersion = 14.2;
					};
					76853AF429B1F9F9009428DA = {
						CreatedOnToolsVersion = 14.2;
						TestTargetID = 76853AE429B1F9F8009428DA;
					};
					76853AFE29B1F9F9009428DA = {
						CreatedOnToolsVersion = 14.2;
						TestTargetID = 76853AE429B1F9F8009428DA;
					};
				};
			};
			buildConfigurationList = 76853AE029B1F9F8009428DA /* Build configuration list for PBXProject "GifTogether" */;
			compatibilityVersion = "Xcode 14.0";
			developmentRegion = en;
			hasScannedForEncodings = 0;
			knownRegions = (
				en,
				Base,
			);
			mainGroup = 76853ADC29B1F9F8009428DA;
			packageReferences = (
				AF7D02ED29BB085500878A91 /* XCRemoteSwiftPackageReference "firebase-ios-sdk" */,
			);
			productRefGroup = 76853AE629B1F9F8009428DA /* Products */;
			projectDirPath = "";
			projectRoot = "";
			targets = (
				76853AE429B1F9F8009428DA /* GifTogether */,
				76853AF429B1F9F9009428DA /* GifTogetherTests */,
				76853AFE29B1F9F9009428DA /* GifTogetherUITests */,
			);
		};
/* End PBXProject section */

/* Begin PBXResourcesBuildPhase section */
		76853AE329B1F9F8009428DA /* Resources */ = {
			isa = PBXResourcesBuildPhase;
			buildActionMask = 2147483647;
			files = (
				76853AF029B1F9F8009428DA /* Preview Assets.xcassets in Resources */,
				76853AED29B1F9F8009428DA /* Assets.xcassets in Resources */,
				AF7D02F329BB220600878A91 /* GoogleService-Info.plist in Resources */,
			);
			runOnlyForDeploymentPostprocessing = 0;
		};
		76853AF329B1F9F9009428DA /* Resources */ = {
			isa = PBXResourcesBuildPhase;
			buildActionMask = 2147483647;
			files = (
			);
			runOnlyForDeploymentPostprocessing = 0;
		};
		76853AFD29B1F9F9009428DA /* Resources */ = {
			isa = PBXResourcesBuildPhase;
			buildActionMask = 2147483647;
			files = (
			);
			runOnlyForDeploymentPostprocessing = 0;
		};
/* End PBXResourcesBuildPhase section */

/* Begin PBXSourcesBuildPhase section */
		76853AE129B1F9F8009428DA /* Sources */ = {
			isa = PBXSourcesBuildPhase;
			buildActionMask = 2147483647;
			files = (
				AF95C81A29B9D1B500FBC6E9 /* RegisterGifticonUseCase.swift in Sources */,
				AF7E181829B3201200BD3D61 /* UserInfo.swift in Sources */,
				76853AEB29B1F9F8009428DA /* ContentView.swift in Sources */,
				AF95C80E29B9C5BC00FBC6E9 /* APIClient.swift in Sources */,
				AFC0E8C629B9A23F004CD1E5 /* GifticonRepository.swift in Sources */,
				AF95C81529B9D03B00FBC6E9 /* SearchGifticonListUseCase.swift in Sources */,
				AF18058229BE077E00E181D2 /* FirebaseAuthService.swift in Sources */,
				76853AE929B1F9F8009428DA /* GifTogetherApp.swift in Sources */,
				AF95C81C29B9D2AB00FBC6E9 /* APIConfiguration.swift in Sources */,
				AFD2E84D29C01E120081CBA4 /* DefaultFirebaseAuthService.swift in Sources */,
				AFD2E85129C01E7D0081CBA4 /* CreateUserUseCase.swift in Sources */,
				AF95C81829B9D0AE00FBC6E9 /* Entity.swift in Sources */,
				AF7E181629B3137A00BD3D61 /* Gifticon.swift in Sources */,
				AF95C80C29B9C45C00FBC6E9 /* API.swift in Sources */,
				AF95C81229B9CFDC00FBC6E9 /* FirestoreRepository.swift in Sources */,
				AF95C81E29B9D31100FBC6E9 /* APIError.swift in Sources */,
				AFD2E85329C0212D0081CBA4 /* UserInfoRepository.swift in Sources */,
				AFD2E84F29C01E520081CBA4 /* LoginUseCase.swift in Sources */,
				AF9C26C629C0502F00AE1144 /* FetchUseInfoUseCase.swift in Sources */,
			);
			runOnlyForDeploymentPostprocessing = 0;
		};
		76853AF129B1F9F9009428DA /* Sources */ = {
			isa = PBXSourcesBuildPhase;
			buildActionMask = 2147483647;
			files = (
				76853AFA29B1F9F9009428DA /* GifTogetherTests.swift in Sources */,
			);
			runOnlyForDeploymentPostprocessing = 0;
		};
		76853AFB29B1F9F9009428DA /* Sources */ = {
			isa = PBXSourcesBuildPhase;
			buildActionMask = 2147483647;
			files = (
				76853B0429B1F9F9009428DA /* GifTogetherUITests.swift in Sources */,
				76853B0629B1F9F9009428DA /* GifTogetherUITestsLaunchTests.swift in Sources */,
			);
			runOnlyForDeploymentPostprocessing = 0;
		};
/* End PBXSourcesBuildPhase section */

/* Begin PBXTargetDependency section */
		76853AF729B1F9F9009428DA /* PBXTargetDependency */ = {
			isa = PBXTargetDependency;
			target = 76853AE429B1F9F8009428DA /* GifTogether */;
			targetProxy = 76853AF629B1F9F9009428DA /* PBXContainerItemProxy */;
		};
		76853B0129B1F9F9009428DA /* PBXTargetDependency */ = {
			isa = PBXTargetDependency;
			target = 76853AE429B1F9F8009428DA /* GifTogether */;
			targetProxy = 76853B0029B1F9F9009428DA /* PBXContainerItemProxy */;
		};
/* End PBXTargetDependency section */

/* Begin XCBuildConfiguration section */
		76853B0729B1F9F9009428DA /* Debug */ = {
			isa = XCBuildConfiguration;
			buildSettings = {
				ALWAYS_SEARCH_USER_PATHS = NO;
				CLANG_ANALYZER_NONNULL = YES;
				CLANG_ANALYZER_NUMBER_OBJECT_CONVERSION = YES_AGGRESSIVE;
				CLANG_CXX_LANGUAGE_STANDARD = "gnu++20";
				CLANG_ENABLE_MODULES = YES;
				CLANG_ENABLE_OBJC_ARC = YES;
				CLANG_ENABLE_OBJC_WEAK = YES;
				CLANG_WARN_BLOCK_CAPTURE_AUTORELEASING = YES;
				CLANG_WARN_BOOL_CONVERSION = YES;
				CLANG_WARN_COMMA = YES;
				CLANG_WARN_CONSTANT_CONVERSION = YES;
				CLANG_WARN_DEPRECATED_OBJC_IMPLEMENTATIONS = YES;
				CLANG_WARN_DIRECT_OBJC_ISA_USAGE = YES_ERROR;
				CLANG_WARN_DOCUMENTATION_COMMENTS = YES;
				CLANG_WARN_EMPTY_BODY = YES;
				CLANG_WARN_ENUM_CONVERSION = YES;
				CLANG_WARN_INFINITE_RECURSION = YES;
				CLANG_WARN_INT_CONVERSION = YES;
				CLANG_WARN_NON_LITERAL_NULL_CONVERSION = YES;
				CLANG_WARN_OBJC_IMPLICIT_RETAIN_SELF = YES;
				CLANG_WARN_OBJC_LITERAL_CONVERSION = YES;
				CLANG_WARN_OBJC_ROOT_CLASS = YES_ERROR;
				CLANG_WARN_QUOTED_INCLUDE_IN_FRAMEWORK_HEADER = YES;
				CLANG_WARN_RANGE_LOOP_ANALYSIS = YES;
				CLANG_WARN_STRICT_PROTOTYPES = YES;
				CLANG_WARN_SUSPICIOUS_MOVE = YES;
				CLANG_WARN_UNGUARDED_AVAILABILITY = YES_AGGRESSIVE;
				CLANG_WARN_UNREACHABLE_CODE = YES;
				CLANG_WARN__DUPLICATE_METHOD_MATCH = YES;
				COPY_PHASE_STRIP = NO;
				DEBUG_INFORMATION_FORMAT = dwarf;
				ENABLE_STRICT_OBJC_MSGSEND = YES;
				ENABLE_TESTABILITY = YES;
				GCC_C_LANGUAGE_STANDARD = gnu11;
				GCC_DYNAMIC_NO_PIC = NO;
				GCC_NO_COMMON_BLOCKS = YES;
				GCC_OPTIMIZATION_LEVEL = 0;
				GCC_PREPROCESSOR_DEFINITIONS = (
					"DEBUG=1",
					"$(inherited)",
				);
				GCC_WARN_64_TO_32_BIT_CONVERSION = YES;
				GCC_WARN_ABOUT_RETURN_TYPE = YES_ERROR;
				GCC_WARN_UNDECLARED_SELECTOR = YES;
				GCC_WARN_UNINITIALIZED_AUTOS = YES_AGGRESSIVE;
				GCC_WARN_UNUSED_FUNCTION = YES;
				GCC_WARN_UNUSED_VARIABLE = YES;
				IPHONEOS_DEPLOYMENT_TARGET = 15.0;
				MTL_ENABLE_DEBUG_INFO = INCLUDE_SOURCE;
				MTL_FAST_MATH = YES;
				ONLY_ACTIVE_ARCH = YES;
				SDKROOT = iphoneos;
				SWIFT_ACTIVE_COMPILATION_CONDITIONS = DEBUG;
				SWIFT_OPTIMIZATION_LEVEL = "-Onone";
			};
			name = Debug;
		};
		76853B0829B1F9F9009428DA /* Release */ = {
			isa = XCBuildConfiguration;
			buildSettings = {
				ALWAYS_SEARCH_USER_PATHS = NO;
				CLANG_ANALYZER_NONNULL = YES;
				CLANG_ANALYZER_NUMBER_OBJECT_CONVERSION = YES_AGGRESSIVE;
				CLANG_CXX_LANGUAGE_STANDARD = "gnu++20";
				CLANG_ENABLE_MODULES = YES;
				CLANG_ENABLE_OBJC_ARC = YES;
				CLANG_ENABLE_OBJC_WEAK = YES;
				CLANG_WARN_BLOCK_CAPTURE_AUTORELEASING = YES;
				CLANG_WARN_BOOL_CONVERSION = YES;
				CLANG_WARN_COMMA = YES;
				CLANG_WARN_CONSTANT_CONVERSION = YES;
				CLANG_WARN_DEPRECATED_OBJC_IMPLEMENTATIONS = YES;
				CLANG_WARN_DIRECT_OBJC_ISA_USAGE = YES_ERROR;
				CLANG_WARN_DOCUMENTATION_COMMENTS = YES;
				CLANG_WARN_EMPTY_BODY = YES;
				CLANG_WARN_ENUM_CONVERSION = YES;
				CLANG_WARN_INFINITE_RECURSION = YES;
				CLANG_WARN_INT_CONVERSION = YES;
				CLANG_WARN_NON_LITERAL_NULL_CONVERSION = YES;
				CLANG_WARN_OBJC_IMPLICIT_RETAIN_SELF = YES;
				CLANG_WARN_OBJC_LITERAL_CONVERSION = YES;
				CLANG_WARN_OBJC_ROOT_CLASS = YES_ERROR;
				CLANG_WARN_QUOTED_INCLUDE_IN_FRAMEWORK_HEADER = YES;
				CLANG_WARN_RANGE_LOOP_ANALYSIS = YES;
				CLANG_WARN_STRICT_PROTOTYPES = YES;
				CLANG_WARN_SUSPICIOUS_MOVE = YES;
				CLANG_WARN_UNGUARDED_AVAILABILITY = YES_AGGRESSIVE;
				CLANG_WARN_UNREACHABLE_CODE = YES;
				CLANG_WARN__DUPLICATE_METHOD_MATCH = YES;
				COPY_PHASE_STRIP = NO;
				DEBUG_INFORMATION_FORMAT = "dwarf-with-dsym";
				ENABLE_NS_ASSERTIONS = NO;
				ENABLE_STRICT_OBJC_MSGSEND = YES;
				GCC_C_LANGUAGE_STANDARD = gnu11;
				GCC_NO_COMMON_BLOCKS = YES;
				GCC_WARN_64_TO_32_BIT_CONVERSION = YES;
				GCC_WARN_ABOUT_RETURN_TYPE = YES_ERROR;
				GCC_WARN_UNDECLARED_SELECTOR = YES;
				GCC_WARN_UNINITIALIZED_AUTOS = YES_AGGRESSIVE;
				GCC_WARN_UNUSED_FUNCTION = YES;
				GCC_WARN_UNUSED_VARIABLE = YES;
				IPHONEOS_DEPLOYMENT_TARGET = 15.0;
				MTL_ENABLE_DEBUG_INFO = NO;
				MTL_FAST_MATH = YES;
				SDKROOT = iphoneos;
				SWIFT_COMPILATION_MODE = wholemodule;
				SWIFT_OPTIMIZATION_LEVEL = "-O";
				VALIDATE_PRODUCT = YES;
			};
			name = Release;
		};
		76853B0A29B1F9F9009428DA /* Debug */ = {
			isa = XCBuildConfiguration;
			buildSettings = {
				ASSETCATALOG_COMPILER_APPICON_NAME = AppIcon;
				ASSETCATALOG_COMPILER_GLOBAL_ACCENT_COLOR_NAME = AccentColor;
				CODE_SIGN_STYLE = Automatic;
				CURRENT_PROJECT_VERSION = 1;
				DEVELOPMENT_ASSET_PATHS = "\"GifTogether/Preview Content\"";
				DEVELOPMENT_TEAM = SWPBG3YXG5;
				ENABLE_PREVIEWS = YES;
				GENERATE_INFOPLIST_FILE = YES;
				INFOPLIST_KEY_UIApplicationSceneManifest_Generation = YES;
				INFOPLIST_KEY_UIApplicationSupportsIndirectInputEvents = YES;
				INFOPLIST_KEY_UILaunchScreen_Generation = YES;
				INFOPLIST_KEY_UISupportedInterfaceOrientations_iPad = "UIInterfaceOrientationPortrait UIInterfaceOrientationPortraitUpsideDown UIInterfaceOrientationLandscapeLeft UIInterfaceOrientationLandscapeRight";
				INFOPLIST_KEY_UISupportedInterfaceOrientations_iPhone = "UIInterfaceOrientationPortrait UIInterfaceOrientationLandscapeLeft UIInterfaceOrientationLandscapeRight";
				LD_RUNPATH_SEARCH_PATHS = (
					"$(inherited)",
					"@executable_path/Frameworks",
				);
				MARKETING_VERSION = 1.0;
				PRODUCT_BUNDLE_IDENTIFIER = net.Wonf.GifTogether;
				PRODUCT_NAME = "$(TARGET_NAME)";
				SWIFT_EMIT_LOC_STRINGS = YES;
				SWIFT_VERSION = 5.0;
				TARGETED_DEVICE_FAMILY = "1,2";
			};
			name = Debug;
		};
		76853B0B29B1F9F9009428DA /* Release */ = {
			isa = XCBuildConfiguration;
			buildSettings = {
				ASSETCATALOG_COMPILER_APPICON_NAME = AppIcon;
				ASSETCATALOG_COMPILER_GLOBAL_ACCENT_COLOR_NAME = AccentColor;
				CODE_SIGN_STYLE = Automatic;
				CURRENT_PROJECT_VERSION = 1;
				DEVELOPMENT_ASSET_PATHS = "\"GifTogether/Preview Content\"";
				DEVELOPMENT_TEAM = SWPBG3YXG5;
				ENABLE_PREVIEWS = YES;
				GENERATE_INFOPLIST_FILE = YES;
				INFOPLIST_KEY_UIApplicationSceneManifest_Generation = YES;
				INFOPLIST_KEY_UIApplicationSupportsIndirectInputEvents = YES;
				INFOPLIST_KEY_UILaunchScreen_Generation = YES;
				INFOPLIST_KEY_UISupportedInterfaceOrientations_iPad = "UIInterfaceOrientationPortrait UIInterfaceOrientationPortraitUpsideDown UIInterfaceOrientationLandscapeLeft UIInterfaceOrientationLandscapeRight";
				INFOPLIST_KEY_UISupportedInterfaceOrientations_iPhone = "UIInterfaceOrientationPortrait UIInterfaceOrientationLandscapeLeft UIInterfaceOrientationLandscapeRight";
				LD_RUNPATH_SEARCH_PATHS = (
					"$(inherited)",
					"@executable_path/Frameworks",
				);
				MARKETING_VERSION = 1.0;
				PRODUCT_BUNDLE_IDENTIFIER = net.Wonf.GifTogether;
				PRODUCT_NAME = "$(TARGET_NAME)";
				SWIFT_EMIT_LOC_STRINGS = YES;
				SWIFT_VERSION = 5.0;
				TARGETED_DEVICE_FAMILY = "1,2";
			};
			name = Release;
		};
		76853B0D29B1F9F9009428DA /* Debug */ = {
			isa = XCBuildConfiguration;
			buildSettings = {
				ALWAYS_EMBED_SWIFT_STANDARD_LIBRARIES = YES;
				BUNDLE_LOADER = "$(TEST_HOST)";
				CODE_SIGN_STYLE = Automatic;
				CURRENT_PROJECT_VERSION = 1;
				DEVELOPMENT_TEAM = "";
				GENERATE_INFOPLIST_FILE = YES;
				IPHONEOS_DEPLOYMENT_TARGET = 15.0;
				MARKETING_VERSION = 1.0;
				PRODUCT_BUNDLE_IDENTIFIER = net.Wonf.GifTogether.GifTogetherTests;
				PRODUCT_NAME = "$(TARGET_NAME)";
				SWIFT_EMIT_LOC_STRINGS = NO;
				SWIFT_VERSION = 5.0;
				TARGETED_DEVICE_FAMILY = "1,2";
				TEST_HOST = "$(BUILT_PRODUCTS_DIR)/GifTogether.app/$(BUNDLE_EXECUTABLE_FOLDER_PATH)/GifTogether";
			};
			name = Debug;
		};
		76853B0E29B1F9F9009428DA /* Release */ = {
			isa = XCBuildConfiguration;
			buildSettings = {
				ALWAYS_EMBED_SWIFT_STANDARD_LIBRARIES = YES;
				BUNDLE_LOADER = "$(TEST_HOST)";
				CODE_SIGN_STYLE = Automatic;
				CURRENT_PROJECT_VERSION = 1;
				DEVELOPMENT_TEAM = "";
				GENERATE_INFOPLIST_FILE = YES;
				IPHONEOS_DEPLOYMENT_TARGET = 15.0;
				MARKETING_VERSION = 1.0;
				PRODUCT_BUNDLE_IDENTIFIER = net.Wonf.GifTogether.GifTogetherTests;
				PRODUCT_NAME = "$(TARGET_NAME)";
				SWIFT_EMIT_LOC_STRINGS = NO;
				SWIFT_VERSION = 5.0;
				TARGETED_DEVICE_FAMILY = "1,2";
				TEST_HOST = "$(BUILT_PRODUCTS_DIR)/GifTogether.app/$(BUNDLE_EXECUTABLE_FOLDER_PATH)/GifTogether";
			};
			name = Release;
		};
		76853B1029B1F9F9009428DA /* Debug */ = {
			isa = XCBuildConfiguration;
			buildSettings = {
				ALWAYS_EMBED_SWIFT_STANDARD_LIBRARIES = YES;
				CODE_SIGN_STYLE = Automatic;
				CURRENT_PROJECT_VERSION = 1;
				GENERATE_INFOPLIST_FILE = YES;
				MARKETING_VERSION = 1.0;
				PRODUCT_BUNDLE_IDENTIFIER = net.Wonf.GifTogether.GifTogetherUITests;
				PRODUCT_NAME = "$(TARGET_NAME)";
				SWIFT_EMIT_LOC_STRINGS = NO;
				SWIFT_VERSION = 5.0;
				TARGETED_DEVICE_FAMILY = "1,2";
				TEST_TARGET_NAME = GifTogether;
			};
			name = Debug;
		};
		76853B1129B1F9F9009428DA /* Release */ = {
			isa = XCBuildConfiguration;
			buildSettings = {
				ALWAYS_EMBED_SWIFT_STANDARD_LIBRARIES = YES;
				CODE_SIGN_STYLE = Automatic;
				CURRENT_PROJECT_VERSION = 1;
				GENERATE_INFOPLIST_FILE = YES;
				MARKETING_VERSION = 1.0;
				PRODUCT_BUNDLE_IDENTIFIER = net.Wonf.GifTogether.GifTogetherUITests;
				PRODUCT_NAME = "$(TARGET_NAME)";
				SWIFT_EMIT_LOC_STRINGS = NO;
				SWIFT_VERSION = 5.0;
				TARGETED_DEVICE_FAMILY = "1,2";
				TEST_TARGET_NAME = GifTogether;
			};
			name = Release;
		};
/* End XCBuildConfiguration section */

/* Begin XCConfigurationList section */
		76853AE029B1F9F8009428DA /* Build configuration list for PBXProject "GifTogether" */ = {
			isa = XCConfigurationList;
			buildConfigurations = (
				76853B0729B1F9F9009428DA /* Debug */,
				76853B0829B1F9F9009428DA /* Release */,
			);
			defaultConfigurationIsVisible = 0;
			defaultConfigurationName = Release;
		};
		76853B0929B1F9F9009428DA /* Build configuration list for PBXNativeTarget "GifTogether" */ = {
			isa = XCConfigurationList;
			buildConfigurations = (
				76853B0A29B1F9F9009428DA /* Debug */,
				76853B0B29B1F9F9009428DA /* Release */,
			);
			defaultConfigurationIsVisible = 0;
			defaultConfigurationName = Release;
		};
		76853B0C29B1F9F9009428DA /* Build configuration list for PBXNativeTarget "GifTogetherTests" */ = {
			isa = XCConfigurationList;
			buildConfigurations = (
				76853B0D29B1F9F9009428DA /* Debug */,
				76853B0E29B1F9F9009428DA /* Release */,
			);
			defaultConfigurationIsVisible = 0;
			defaultConfigurationName = Release;
		};
		76853B0F29B1F9F9009428DA /* Build configuration list for PBXNativeTarget "GifTogetherUITests" */ = {
			isa = XCConfigurationList;
			buildConfigurations = (
				76853B1029B1F9F9009428DA /* Debug */,
				76853B1129B1F9F9009428DA /* Release */,
			);
			defaultConfigurationIsVisible = 0;
			defaultConfigurationName = Release;
		};
/* End XCConfigurationList section */

/* Begin XCRemoteSwiftPackageReference section */
		AF7D02ED29BB085500878A91 /* XCRemoteSwiftPackageReference "firebase-ios-sdk" */ = {
			isa = XCRemoteSwiftPackageReference;
			repositoryURL = "https://github.com/firebase/firebase-ios-sdk";
			requirement = {
				kind = upToNextMajorVersion;
				minimumVersion = 9.0.0;
			};
		};
/* End XCRemoteSwiftPackageReference section */

/* Begin XCSwiftPackageProductDependency section */
		AF480EDF29BDF333000AEC8D /* FirebaseFirestore */ = {
			isa = XCSwiftPackageProductDependency;
			package = AF7D02ED29BB085500878A91 /* XCRemoteSwiftPackageReference "firebase-ios-sdk" */;
			productName = FirebaseFirestore;
		};
		AF7D02EE29BB085500878A91 /* FirebaseAuth */ = {
			isa = XCSwiftPackageProductDependency;
			package = AF7D02ED29BB085500878A91 /* XCRemoteSwiftPackageReference "firebase-ios-sdk" */;
			productName = FirebaseAuth;
		};
		AF7D02F029BB085500878A91 /* FirebaseFirestore */ = {
			isa = XCSwiftPackageProductDependency;
			package = AF7D02ED29BB085500878A91 /* XCRemoteSwiftPackageReference "firebase-ios-sdk" */;
			productName = FirebaseFirestore;
		};
/* End XCSwiftPackageProductDependency section */
	};
	rootObject = 76853ADD29B1F9F8009428DA /* Project object */;
}
